// !$*UTF8*$!
{
	archiveVersion = 1;
	classes = {
	};
	objectVersion = 46;
	objects = {

/* Begin PBXBuildFile section */
		06582BB15EAC04A225337EC29757A84A /* LoginView.swift in Sources */ = {isa = PBXBuildFile; fileRef = 0BA220D84DFA48A9639857991FD76D48 /* LoginView.swift */; };
		0802603085BECA13F2F7C3CA4621A949 /* GlassSurface.swift in Sources */ = {isa = PBXBuildFile; fileRef = 49BE666E19687B259467853695C2A291 /* GlassSurface.swift */; };
		0A180FC0313BD81405E151F19E63698D /* SarenaApp.swift in Sources */ = {isa = PBXBuildFile; fileRef = A05C4E6057D40087A52BFB5B9038A97E /* SarenaApp.swift */; };
		16011F0A939BA2562A20B86CD31DD84C /* HomeView.swift in Sources */ = {isa = PBXBuildFile; fileRef = D2E598408BFBC4C7D0C2558CB8114C80 /* HomeView.swift */; };
		169FBC5DD2D2EB3D9857C20ACFA8D075 /* PreviewSupport.swift in Sources */ = {isa = PBXBuildFile; fileRef = C65566BAC1C99D4FCE61DF65A26ED5EB /* PreviewSupport.swift */; };
		17D5B702F19F8648429FC41D561BA45E /* VenueDetailViewModel.swift in Sources */ = {isa = PBXBuildFile; fileRef = E6BCEEA54E193E26E872C6B1E239C187 /* VenueDetailViewModel.swift */; };
		1C0F67909908E4B56F2466C784C5BA0F /* SubscriptionStore.swift in Sources */ = {isa = PBXBuildFile; fileRef = 01B57417BA6483EFF52D0692B9492FC1 /* SubscriptionStore.swift */; };
		1C69CF001126861A13169AD4FDC8645E /* BookingConfirmationView.swift in Sources */ = {isa = PBXBuildFile; fileRef = 80AAB40AD10F5F5E2D1C347DB8B11814 /* BookingConfirmationView.swift */; };
		1D5F60F0632487D32D0F1549E524DFD5 /* OfferCategory.swift in Sources */ = {isa = PBXBuildFile; fileRef = 28059C4B9BB0C1CB8E7734EA22597576 /* OfferCategory.swift */; };
		2347A23C063025720BD62EB22A97A477 /* GlassControls.swift in Sources */ = {isa = PBXBuildFile; fileRef = 8FFF0E7F99B6FF7C31D7E6FACE59572C /* GlassControls.swift */; };
		28189396EC0D1FAAAB4941153043C421 /* AppRouter.swift in Sources */ = {isa = PBXBuildFile; fileRef = 809F19BC6DA605327496F675499F1149 /* AppRouter.swift */; };
		3BCA80F803858B689CDF8D0EB9FDC0B2 /* WalletViewModel.swift in Sources */ = {isa = PBXBuildFile; fileRef = A3B201AF3DEB71D628A507BABCB04C3D /* WalletViewModel.swift */; };
		43E9C97C6FE0ED1CDA31A0DED319333E /* RegisterView.swift in Sources */ = {isa = PBXBuildFile; fileRef = 7310373120DC0E27B462A3EF966B5242 /* RegisterView.swift */; };
		462318155A9FCB56E60C73E6A7A8CB9E /* QRCodeGenerator.swift in Sources */ = {isa = PBXBuildFile; fileRef = E88456202F60CF7E2DB8BA6D931AB804 /* QRCodeGenerator.swift */; };
		46D0980958A6DC194A8D501812225CDD /* Components.swift in Sources */ = {isa = PBXBuildFile; fileRef = 8D5967044BD9F26FDB152874CD1B6365 /* Components.swift */; };
		4CE9E52DCACB696EC02FF32A578E4B9C /* AccountComponents.swift in Sources */ = {isa = PBXBuildFile; fileRef = 349843C474289894FC8F3DF828509BFB /* AccountComponents.swift */; };
		4DD3FB0CFD6599CADC8E67C99C966148 /* Formatting.swift in Sources */ = {isa = PBXBuildFile; fileRef = D356791F58AD1489FEFE360FE882E8B7 /* Formatting.swift */; };
		4EB8C0F6089E0D5F1F80C647F0E3DBC9 /* Feedback.swift in Sources */ = {isa = PBXBuildFile; fileRef = 1233DF7AFBA0CBEA945E2CAB300FEFF6 /* Feedback.swift */; };
		4F70B0AA5D375C7A4AB0EB7F083958F0 /* VenueDetailView.swift in Sources */ = {isa = PBXBuildFile; fileRef = 4A98FD734D6EBC795C99B2CD6F0BC20D /* VenueDetailView.swift */; };
		526A7B464CCC3B49ECE3EAB3BADAE3C8 /* User.swift in Sources */ = {isa = PBXBuildFile; fileRef = 6BE75275C64D7CAB7F8C4D845783DE1B /* User.swift */; };
		5804A5ECA268FE8C5E0DE853F60AC1D1 /* KeychainStore.swift in Sources */ = {isa = PBXBuildFile; fileRef = AECED8ACD53358E68F626EFE19F62AC1 /* KeychainStore.swift */; };
		5AC4F76C4290AD83360251297BC6F84A /* CatalogService.swift in Sources */ = {isa = PBXBuildFile; fileRef = D4924F93F1923463DF4105C2B20DDC31 /* CatalogService.swift */; };
		5B1030CC0FE4637C24A8698DA4F20EF7 /* SettingsView.swift in Sources */ = {isa = PBXBuildFile; fileRef = F1D43BF2B4F379EE66AAC8100A5E8311 /* SettingsView.swift */; };
		5E06A8510FB867631DA67CBCCF18BCBB /* GlassBackground.swift in Sources */ = {isa = PBXBuildFile; fileRef = F0032920EB3669DE1E1B134003E9B1C8 /* GlassBackground.swift */; };
		5EA43619BE50AD1E3D0AFFF5DC0E6270 /* BrandViews.swift in Sources */ = {isa = PBXBuildFile; fileRef = 7ED26B2E170EE1120318743FBB5B4271 /* BrandViews.swift */; };
		5FB9AA62C9C60CD2094961E6464FE6E3 /* WalletStore.swift in Sources */ = {isa = PBXBuildFile; fileRef = E2BF1564EA116CCD6C5ABA5D199D381B /* WalletStore.swift */; };
		625EB4906FEAF5085FE57BD930AAA1B6 /* BookingService.swift in Sources */ = {isa = PBXBuildFile; fileRef = DDA8DE74F677405A6B1139F324589B23 /* BookingService.swift */; };
		6F05171101C4429C5C5A02C34EA6610E /* Validation.swift in Sources */ = {isa = PBXBuildFile; fileRef = 0393863499E288830478AFFCD33DD05D /* Validation.swift */; };
		7341A3442D541E52C7D9F50B5BD50625 /* LoginViewModel.swift in Sources */ = {isa = PBXBuildFile; fileRef = 29C8860A754D45A4CB4933DF6986752D /* LoginViewModel.swift */; };
		7800AF9417D2229E8F378E6B75BDFA26 /* Assets.xcassets in Resources */ = {isa = PBXBuildFile; fileRef = 1477287EFA9B898728BF5537E93C85D3 /* Assets.xcassets */; };
		80D8F1AA80D6CA7257F3B7D03A075BA3 /* Localizable.xcstrings in Resources */ = {isa = PBXBuildFile; fileRef = F32BD8C9F9092E94976987D729A5EC51 /* Localizable.xcstrings */; };
		8CA51AE99EFF66829CA81EB4ABF1A851 /* AccountViewModel.swift in Sources */ = {isa = PBXBuildFile; fileRef = 3E745BFB796827ABCEB32C0D3244023B /* AccountViewModel.swift */; };
		8D4A42D83B87DC01E757C7EDD16483C3 /* SampleData.swift in Sources */ = {isa = PBXBuildFile; fileRef = C4FA54509B942B6D5FC6E46AF8E85B92 /* SampleData.swift */; };
		8DBF22056D25E10B112C90C3ADAEF4A7 /* OnboardingFlowView.swift in Sources */ = {isa = PBXBuildFile; fileRef = 5A10C54C1BDC3BAE1F81A5B7A8DA1EED /* OnboardingFlowView.swift */; };
		8E7F9FB769F44859B6A145B69113E8A1 /* RootView.swift in Sources */ = {isa = PBXBuildFile; fileRef = 0134B4CC0D7CB633EC0928F4592FF913 /* RootView.swift */; };
		91894CA98B6108FFD84FCE2F8DF38F9D /* AccountView.swift in Sources */ = {isa = PBXBuildFile; fileRef = 34964243B7C6F030091CCEB489783CE7 /* AccountView.swift */; };
		9DB2A5BAD7F89963D0D6E3F0833C1646 /* Theme.swift in Sources */ = {isa = PBXBuildFile; fileRef = C7BE5B4C74E6B90E6262DB5A5C7A43BB /* Theme.swift */; };
		9EB0020B68A31DCC383E5F9D68A0C19B /* SettingsViewModel.swift in Sources */ = {isa = PBXBuildFile; fileRef = C77B4E27696F5C66DE3E4A6963856D88 /* SettingsViewModel.swift */; };
		A28D276D31EC547E869BF32DF7E82B1F /* HomeCards.swift in Sources */ = {isa = PBXBuildFile; fileRef = FEBD12534D686A9B2B462E837BA4F581 /* HomeCards.swift */; };
		A317C20804ECE8BA923A9A4157F9D5C9 /* MainTabView.swift in Sources */ = {isa = PBXBuildFile; fileRef = EBEDA2C99C2D15A2FDF7D0B0EE639A0C /* MainTabView.swift */; };
		AC7B3CB91CCE757E8D43A9B32840F854 /* SessionStore.swift in Sources */ = {isa = PBXBuildFile; fileRef = 6ECA40AD7DA14643002746438EE715C5 /* SessionStore.swift */; };
		B4E2BFF3B9F88997041927D20152DE36 /* SarenaTests.swift in Sources */ = {isa = PBXBuildFile; fileRef = 948CE6EF0D9FA252756573B3C0E603CF /* SarenaTests.swift */; };
		B50B6D3474906CD88EB44FAC23DA5F50 /* Venue.swift in Sources */ = {isa = PBXBuildFile; fileRef = 60C2257BB151B28347F304F6AD4D26E0 /* Venue.swift */; };
		B586425C4D834E9F5753C54896446F45 /* FloatingGlass.swift in Sources */ = {isa = PBXBuildFile; fileRef = 451261433431096D76370E34A35C0D69 /* FloatingGlass.swift */; };
		B70E4B74B0F28ED5550DE226FDDF3403 /* AppServices.swift in Sources */ = {isa = PBXBuildFile; fileRef = C6ADF2E564D4065285C9FEF864E52C01 /* AppServices.swift */; };
		BB51BD8C4EC8023B49DE0AF67BE79344 /* WalletView.swift in Sources */ = {isa = PBXBuildFile; fileRef = C533D677C4B06ACE32B5EA27200E9835 /* WalletView.swift */; };
		D23E26ACA04C63D826D83184F3D1FF8D /* AppPreferences.swift in Sources */ = {isa = PBXBuildFile; fileRef = C80D76F9D09DA0C16A42E69BF9DAF7BF /* AppPreferences.swift */; };
		D5C17E3C4C76689CDF2FD2D0C1FD5D64 /* RegisterViewModel.swift in Sources */ = {isa = PBXBuildFile; fileRef = 4B7BB769831FB8B1F34F27807A34B4FC /* RegisterViewModel.swift */; };
		D82B6CDD668B887974F72050D6DFAE0C /* PromoCode.swift in Sources */ = {isa = PBXBuildFile; fileRef = 8BCA496E5DD61184568391B24493C30C /* PromoCode.swift */; };
		DDA453DC259413287164DEE0323B195C /* PromoCodeViews.swift in Sources */ = {isa = PBXBuildFile; fileRef = 9C5FA06162CFFDBDD735A57F4435BA94 /* PromoCodeViews.swift */; };
		DDA9245FF863F8848ED636EE2D27F971 /* SubscriptionService.swift in Sources */ = {isa = PBXBuildFile; fileRef = A8CBE2E7DB78A2EBC4A00A5BDDFFD664 /* SubscriptionService.swift */; };
		DDDB55450D78064AD2AB0C15E2E04CA1 /* HomeViewModel.swift in Sources */ = {isa = PBXBuildFile; fileRef = 4A2030832AF5FF8B30C558FDD2CBCE56 /* HomeViewModel.swift */; };
		DF71F8B423A5461306E6BFD137B7E037 /* LocalizedText.swift in Sources */ = {isa = PBXBuildFile; fileRef = 2B10B006CD70C84352283D6751737CF4 /* LocalizedText.swift */; };
		E07EFB2DE002B076D433B614FD0E2C02 /* AuthService.swift in Sources */ = {isa = PBXBuildFile; fileRef = 836127FA3F787B9068319C32FE1FCB1D /* AuthService.swift */; };
		EC4094AE15DED317C8E5DBB284607F2D /* OTPCodeField.swift in Sources */ = {isa = PBXBuildFile; fileRef = 2CC152915886E990165D51540CDB43D4 /* OTPCodeField.swift */; };
		F76A474FC8CE6FEF8210AD9E594D06E8 /* MembershipPlan.swift in Sources */ = {isa = PBXBuildFile; fileRef = C90D4256EFCB227833AFB5C2135CD639 /* MembershipPlan.swift */; };
		F790E4E1FF0DA23B02135BD179F2F6F1 /* InfoPlist.xcstrings in Resources */ = {isa = PBXBuildFile; fileRef = A39FFCA3298C71D760F52B3D91CE297D /* InfoPlist.xcstrings */; };
/* End PBXBuildFile section */

/* Begin PBXContainerItemProxy section */
		B06EEBC6B1FDAA727AE2A6F546E7913C /* PBXContainerItemProxy */ = {
			isa = PBXContainerItemProxy;
			containerPortal = 74D80196372B2CE0E8213E4B47712620 /* Project object */;
			proxyType = 1;
			remoteGlobalIDString = 51DBFF1A7DD69D2C93C7C68B7079665D;
			remoteInfo = Sarena;
		};
/* End PBXContainerItemProxy section */

/* Begin PBXFileReference section */
		0134B4CC0D7CB633EC0928F4592FF913 /* RootView.swift */ = {isa = PBXFileReference; includeInIndex = 1; lastKnownFileType = sourcecode.swift; path = RootView.swift; sourceTree = "<group>"; };
		01B57417BA6483EFF52D0692B9492FC1 /* SubscriptionStore.swift */ = {isa = PBXFileReference; includeInIndex = 1; lastKnownFileType = sourcecode.swift; path = SubscriptionStore.swift; sourceTree = "<group>"; };
		0393863499E288830478AFFCD33DD05D /* Validation.swift */ = {isa = PBXFileReference; includeInIndex = 1; lastKnownFileType = sourcecode.swift; path = Validation.swift; sourceTree = "<group>"; };
		0BA220D84DFA48A9639857991FD76D48 /* LoginView.swift */ = {isa = PBXFileReference; includeInIndex = 1; lastKnownFileType = sourcecode.swift; path = LoginView.swift; sourceTree = "<group>"; };
		1233DF7AFBA0CBEA945E2CAB300FEFF6 /* Feedback.swift */ = {isa = PBXFileReference; includeInIndex = 1; lastKnownFileType = sourcecode.swift; path = Feedback.swift; sourceTree = "<group>"; };
		1477287EFA9B898728BF5537E93C85D3 /* Assets.xcassets */ = {isa = PBXFileReference; includeInIndex = 1; lastKnownFileType = folder.assetcatalog; path = Assets.xcassets; sourceTree = "<group>"; };
		28059C4B9BB0C1CB8E7734EA22597576 /* OfferCategory.swift */ = {isa = PBXFileReference; includeInIndex = 1; lastKnownFileType = sourcecode.swift; path = OfferCategory.swift; sourceTree = "<group>"; };
		29C8860A754D45A4CB4933DF6986752D /* LoginViewModel.swift */ = {isa = PBXFileReference; includeInIndex = 1; lastKnownFileType = sourcecode.swift; path = LoginViewModel.swift; sourceTree = "<group>"; };
		2B10B006CD70C84352283D6751737CF4 /* LocalizedText.swift */ = {isa = PBXFileReference; includeInIndex = 1; lastKnownFileType = sourcecode.swift; path = LocalizedText.swift; sourceTree = "<group>"; };
		2C73CA577C0766EEBB42C7BA2651A7F9 /* Sarena.app */ = {isa = PBXFileReference; explicitFileType = wrapper.application; includeInIndex = 0; path = Sarena.app; sourceTree = BUILT_PRODUCTS_DIR; };
		2CC152915886E990165D51540CDB43D4 /* OTPCodeField.swift */ = {isa = PBXFileReference; includeInIndex = 1; lastKnownFileType = sourcecode.swift; path = OTPCodeField.swift; sourceTree = "<group>"; };
		34964243B7C6F030091CCEB489783CE7 /* AccountView.swift */ = {isa = PBXFileReference; includeInIndex = 1; lastKnownFileType = sourcecode.swift; path = AccountView.swift; sourceTree = "<group>"; };
		349843C474289894FC8F3DF828509BFB /* AccountComponents.swift */ = {isa = PBXFileReference; includeInIndex = 1; lastKnownFileType = sourcecode.swift; path = AccountComponents.swift; sourceTree = "<group>"; };
		3E745BFB796827ABCEB32C0D3244023B /* AccountViewModel.swift */ = {isa = PBXFileReference; includeInIndex = 1; lastKnownFileType = sourcecode.swift; path = AccountViewModel.swift; sourceTree = "<group>"; };
		451261433431096D76370E34A35C0D69 /* FloatingGlass.swift */ = {isa = PBXFileReference; includeInIndex = 1; lastKnownFileType = sourcecode.swift; path = FloatingGlass.swift; sourceTree = "<group>"; };
		49BE666E19687B259467853695C2A291 /* GlassSurface.swift */ = {isa = PBXFileReference; includeInIndex = 1; lastKnownFileType = sourcecode.swift; path = GlassSurface.swift; sourceTree = "<group>"; };
		4A2030832AF5FF8B30C558FDD2CBCE56 /* HomeViewModel.swift */ = {isa = PBXFileReference; includeInIndex = 1; lastKnownFileType = sourcecode.swift; path = HomeViewModel.swift; sourceTree = "<group>"; };
		4A98FD734D6EBC795C99B2CD6F0BC20D /* VenueDetailView.swift */ = {isa = PBXFileReference; includeInIndex = 1; lastKnownFileType = sourcecode.swift; path = VenueDetailView.swift; sourceTree = "<group>"; };
		4B7BB769831FB8B1F34F27807A34B4FC /* RegisterViewModel.swift */ = {isa = PBXFileReference; includeInIndex = 1; lastKnownFileType = sourcecode.swift; path = RegisterViewModel.swift; sourceTree = "<group>"; };
		502A7449F12A51525FBE6B87F99BEB41 /* README.md */ = {isa = PBXFileReference; includeInIndex = 1; path = README.md; sourceTree = "<group>"; };
		5A10C54C1BDC3BAE1F81A5B7A8DA1EED /* OnboardingFlowView.swift */ = {isa = PBXFileReference; includeInIndex = 1; lastKnownFileType = sourcecode.swift; path = OnboardingFlowView.swift; sourceTree = "<group>"; };
		60C2257BB151B28347F304F6AD4D26E0 /* Venue.swift */ = {isa = PBXFileReference; includeInIndex = 1; lastKnownFileType = sourcecode.swift; path = Venue.swift; sourceTree = "<group>"; };
		6BE75275C64D7CAB7F8C4D845783DE1B /* User.swift */ = {isa = PBXFileReference; includeInIndex = 1; lastKnownFileType = sourcecode.swift; path = User.swift; sourceTree = "<group>"; };
		6ECA40AD7DA14643002746438EE715C5 /* SessionStore.swift */ = {isa = PBXFileReference; includeInIndex = 1; lastKnownFileType = sourcecode.swift; path = SessionStore.swift; sourceTree = "<group>"; };
		7310373120DC0E27B462A3EF966B5242 /* RegisterView.swift */ = {isa = PBXFileReference; includeInIndex = 1; lastKnownFileType = sourcecode.swift; path = RegisterView.swift; sourceTree = "<group>"; };
		7ED26B2E170EE1120318743FBB5B4271 /* BrandViews.swift */ = {isa = PBXFileReference; includeInIndex = 1; lastKnownFileType = sourcecode.swift; path = BrandViews.swift; sourceTree = "<group>"; };
		809F19BC6DA605327496F675499F1149 /* AppRouter.swift */ = {isa = PBXFileReference; includeInIndex = 1; lastKnownFileType = sourcecode.swift; path = AppRouter.swift; sourceTree = "<group>"; };
		80AAB40AD10F5F5E2D1C347DB8B11814 /* BookingConfirmationView.swift */ = {isa = PBXFileReference; includeInIndex = 1; lastKnownFileType = sourcecode.swift; path = BookingConfirmationView.swift; sourceTree = "<group>"; };
		836127FA3F787B9068319C32FE1FCB1D /* AuthService.swift */ = {isa = PBXFileReference; includeInIndex = 1; lastKnownFileType = sourcecode.swift; path = AuthService.swift; sourceTree = "<group>"; };
		8BCA496E5DD61184568391B24493C30C /* PromoCode.swift */ = {isa = PBXFileReference; includeInIndex = 1; lastKnownFileType = sourcecode.swift; path = PromoCode.swift; sourceTree = "<group>"; };
		8D5967044BD9F26FDB152874CD1B6365 /* Components.swift */ = {isa = PBXFileReference; includeInIndex = 1; lastKnownFileType = sourcecode.swift; path = Components.swift; sourceTree = "<group>"; };
		8FFF0E7F99B6FF7C31D7E6FACE59572C /* GlassControls.swift */ = {isa = PBXFileReference; includeInIndex = 1; lastKnownFileType = sourcecode.swift; path = GlassControls.swift; sourceTree = "<group>"; };
		904BFDBF1A666843D5E026F04E15FFC4 /* SarenaTests.xctest */ = {isa = PBXFileReference; explicitFileType = wrapper.cfbundle; includeInIndex = 0; path = SarenaTests.xctest; sourceTree = BUILT_PRODUCTS_DIR; };
		948CE6EF0D9FA252756573B3C0E603CF /* SarenaTests.swift */ = {isa = PBXFileReference; includeInIndex = 1; lastKnownFileType = sourcecode.swift; path = SarenaTests.swift; sourceTree = "<group>"; };
		9C5FA06162CFFDBDD735A57F4435BA94 /* PromoCodeViews.swift */ = {isa = PBXFileReference; includeInIndex = 1; lastKnownFileType = sourcecode.swift; path = PromoCodeViews.swift; sourceTree = "<group>"; };
		A05C4E6057D40087A52BFB5B9038A97E /* SarenaApp.swift */ = {isa = PBXFileReference; includeInIndex = 1; lastKnownFileType = sourcecode.swift; path = SarenaApp.swift; sourceTree = "<group>"; };
		A39FFCA3298C71D760F52B3D91CE297D /* InfoPlist.xcstrings */ = {isa = PBXFileReference; includeInIndex = 1; lastKnownFileType = text.json.xcstrings; path = InfoPlist.xcstrings; sourceTree = "<group>"; };
		A3B201AF3DEB71D628A507BABCB04C3D /* WalletViewModel.swift */ = {isa = PBXFileReference; includeInIndex = 1; lastKnownFileType = sourcecode.swift; path = WalletViewModel.swift; sourceTree = "<group>"; };
		A8CBE2E7DB78A2EBC4A00A5BDDFFD664 /* SubscriptionService.swift */ = {isa = PBXFileReference; includeInIndex = 1; lastKnownFileType = sourcecode.swift; path = SubscriptionService.swift; sourceTree = "<group>"; };
		AECED8ACD53358E68F626EFE19F62AC1 /* KeychainStore.swift */ = {isa = PBXFileReference; includeInIndex = 1; lastKnownFileType = sourcecode.swift; path = KeychainStore.swift; sourceTree = "<group>"; };
		C4FA54509B942B6D5FC6E46AF8E85B92 /* SampleData.swift */ = {isa = PBXFileReference; includeInIndex = 1; lastKnownFileType = sourcecode.swift; path = SampleData.swift; sourceTree = "<group>"; };
		C533D677C4B06ACE32B5EA27200E9835 /* WalletView.swift */ = {isa = PBXFileReference; includeInIndex = 1; lastKnownFileType = sourcecode.swift; path = WalletView.swift; sourceTree = "<group>"; };
		C65566BAC1C99D4FCE61DF65A26ED5EB /* PreviewSupport.swift */ = {isa = PBXFileReference; includeInIndex = 1; lastKnownFileType = sourcecode.swift; path = PreviewSupport.swift; sourceTree = "<group>"; };
		C6ADF2E564D4065285C9FEF864E52C01 /* AppServices.swift */ = {isa = PBXFileReference; includeInIndex = 1; lastKnownFileType = sourcecode.swift; path = AppServices.swift; sourceTree = "<group>"; };
		C77B4E27696F5C66DE3E4A6963856D88 /* SettingsViewModel.swift */ = {isa = PBXFileReference; includeInIndex = 1; lastKnownFileType = sourcecode.swift; path = SettingsViewModel.swift; sourceTree = "<group>"; };
		C7BE5B4C74E6B90E6262DB5A5C7A43BB /* Theme.swift */ = {isa = PBXFileReference; includeInIndex = 1; lastKnownFileType = sourcecode.swift; path = Theme.swift; sourceTree = "<group>"; };
		C80D76F9D09DA0C16A42E69BF9DAF7BF /* AppPreferences.swift */ = {isa = PBXFileReference; includeInIndex = 1; lastKnownFileType = sourcecode.swift; path = AppPreferences.swift; sourceTree = "<group>"; };
		C90D4256EFCB227833AFB5C2135CD639 /* MembershipPlan.swift */ = {isa = PBXFileReference; includeInIndex = 1; lastKnownFileType = sourcecode.swift; path = MembershipPlan.swift; sourceTree = "<group>"; };
		D2E598408BFBC4C7D0C2558CB8114C80 /* HomeView.swift */ = {isa = PBXFileReference; includeInIndex = 1; lastKnownFileType = sourcecode.swift; path = HomeView.swift; sourceTree = "<group>"; };
		D356791F58AD1489FEFE360FE882E8B7 /* Formatting.swift */ = {isa = PBXFileReference; includeInIndex = 1; lastKnownFileType = sourcecode.swift; path = Formatting.swift; sourceTree = "<group>"; };
		D4924F93F1923463DF4105C2B20DDC31 /* CatalogService.swift */ = {isa = PBXFileReference; includeInIndex = 1; lastKnownFileType = sourcecode.swift; path = CatalogService.swift; sourceTree = "<group>"; };
		D838B82690989B0D90611BED290B7DAB /* Info.plist */ = {isa = PBXFileReference; includeInIndex = 1; lastKnownFileType = text.plist.xml; path = Info.plist; sourceTree = "<group>"; };
		DDA8DE74F677405A6B1139F324589B23 /* BookingService.swift */ = {isa = PBXFileReference; includeInIndex = 1; lastKnownFileType = sourcecode.swift; path = BookingService.swift; sourceTree = "<group>"; };
		E2BF1564EA116CCD6C5ABA5D199D381B /* WalletStore.swift */ = {isa = PBXFileReference; includeInIndex = 1; lastKnownFileType = sourcecode.swift; path = WalletStore.swift; sourceTree = "<group>"; };
		E6BCEEA54E193E26E872C6B1E239C187 /* VenueDetailViewModel.swift */ = {isa = PBXFileReference; includeInIndex = 1; lastKnownFileType = sourcecode.swift; path = VenueDetailViewModel.swift; sourceTree = "<group>"; };
		E88456202F60CF7E2DB8BA6D931AB804 /* QRCodeGenerator.swift */ = {isa = PBXFileReference; includeInIndex = 1; lastKnownFileType = sourcecode.swift; path = QRCodeGenerator.swift; sourceTree = "<group>"; };
		EBEDA2C99C2D15A2FDF7D0B0EE639A0C /* MainTabView.swift */ = {isa = PBXFileReference; includeInIndex = 1; lastKnownFileType = sourcecode.swift; path = MainTabView.swift; sourceTree = "<group>"; };
		F0032920EB3669DE1E1B134003E9B1C8 /* GlassBackground.swift */ = {isa = PBXFileReference; includeInIndex = 1; lastKnownFileType = sourcecode.swift; path = GlassBackground.swift; sourceTree = "<group>"; };
		F1D43BF2B4F379EE66AAC8100A5E8311 /* SettingsView.swift */ = {isa = PBXFileReference; includeInIndex = 1; lastKnownFileType = sourcecode.swift; path = SettingsView.swift; sourceTree = "<group>"; };
		F32BD8C9F9092E94976987D729A5EC51 /* Localizable.xcstrings */ = {isa = PBXFileReference; includeInIndex = 1; lastKnownFileType = text.json.xcstrings; path = Localizable.xcstrings; sourceTree = "<group>"; };
		FEBD12534D686A9B2B462E837BA4F581 /* HomeCards.swift */ = {isa = PBXFileReference; includeInIndex = 1; lastKnownFileType = sourcecode.swift; path = HomeCards.swift; sourceTree = "<group>"; };
/* End PBXFileReference section */

/* Begin PBXFrameworksBuildPhase section */
		4DDBFC503231053595005924963B880B /* Frameworks */ = {
			isa = PBXFrameworksBuildPhase;
			buildActionMask = 2147483647;
			files = (
			);
			runOnlyForDeploymentPostprocessing = 0;
		};
		8C138EB13FC15C0FAB7452D5F23574C4 /* Frameworks */ = {
			isa = PBXFrameworksBuildPhase;
			buildActionMask = 2147483647;
			files = (
			);
			runOnlyForDeploymentPostprocessing = 0;
		};
/* End PBXFrameworksBuildPhase section */

/* Begin PBXGroup section */
		01714DC5737B2E67F6EE224C8824ABC8 /* App */ = {
			isa = PBXGroup;
			children = (
				EBEDA2C99C2D15A2FDF7D0B0EE639A0C /* MainTabView.swift */,
				0134B4CC0D7CB633EC0928F4592FF913 /* RootView.swift */,
				A05C4E6057D40087A52BFB5B9038A97E /* SarenaApp.swift */,
			);
			name = App;
			path = App;
			sourceTree = "<group>";
		};
		032A29CA7D0FD2B1E4C08A35CC95C426 /* DesignSystem */ = {
			isa = PBXGroup;
			children = (
				7ED26B2E170EE1120318743FBB5B4271 /* BrandViews.swift */,
				451261433431096D76370E34A35C0D69 /* FloatingGlass.swift */,
				F0032920EB3669DE1E1B134003E9B1C8 /* GlassBackground.swift */,
				8FFF0E7F99B6FF7C31D7E6FACE59572C /* GlassControls.swift */,
				49BE666E19687B259467853695C2A291 /* GlassSurface.swift */,
				C7BE5B4C74E6B90E6262DB5A5C7A43BB /* Theme.swift */,
			);
			name = DesignSystem;
			path = DesignSystem;
			sourceTree = "<group>";
		};
		2145F926E58DA06614E7060839EE9590 /* Views */ = {
			isa = PBXGroup;
			children = (
				F9CF08302F64882E3B6D82491F5DC1A5 /* Account */,
				D52AB4ACEFE9460ACC9710222DE82B0B /* Auth */,
				75E8A5CBA7062F993AD7F5902A18C185 /* Detail */,
				8A2D5BB65FD372D7AF781037C4E5EB0E /* Home */,
				D9D5A18C65B928256B9E09DDEA16FD4A /* Onboarding */,
				B90F1A8A6BBFA3BEE02C357572445051 /* Settings */,
				74A8D8C4FFD65CB8134CAD1E60E2A450 /* Shared */,
				8FBF666C85145CD7C3F4F79F8DC67CFF /* Wallet */,
			);
			name = Views;
			path = Views;
			sourceTree = "<group>";
		};
		2D0E049390365D150525DB4AAC21B89F /* Stores */ = {
			isa = PBXGroup;
			children = (
				809F19BC6DA605327496F675499F1149 /* AppRouter.swift */,
				6ECA40AD7DA14643002746438EE715C5 /* SessionStore.swift */,
				01B57417BA6483EFF52D0692B9492FC1 /* SubscriptionStore.swift */,
				E2BF1564EA116CCD6C5ABA5D199D381B /* WalletStore.swift */,
			);
			name = Stores;
			path = Stores;
			sourceTree = "<group>";
		};
		4C4DA29B23F293E861AFA50AB61BF4D1 /* ViewModels */ = {
			isa = PBXGroup;
			children = (
				3E745BFB796827ABCEB32C0D3244023B /* AccountViewModel.swift */,
				4A2030832AF5FF8B30C558FDD2CBCE56 /* HomeViewModel.swift */,
				29C8860A754D45A4CB4933DF6986752D /* LoginViewModel.swift */,
				4B7BB769831FB8B1F34F27807A34B4FC /* RegisterViewModel.swift */,
				C77B4E27696F5C66DE3E4A6963856D88 /* SettingsViewModel.swift */,
				E6BCEEA54E193E26E872C6B1E239C187 /* VenueDetailViewModel.swift */,
				A3B201AF3DEB71D628A507BABCB04C3D /* WalletViewModel.swift */,
			);
			name = ViewModels;
			path = ViewModels;
			sourceTree = "<group>";
		};
		4CAC5F22AD38BB08402D3155B43010B4 /* Utilities */ = {
			isa = PBXGroup;
			children = (
				D356791F58AD1489FEFE360FE882E8B7 /* Formatting.swift */,
				E88456202F60CF7E2DB8BA6D931AB804 /* QRCodeGenerator.swift */,
				0393863499E288830478AFFCD33DD05D /* Validation.swift */,
			);
			name = Utilities;
			path = Utilities;
			sourceTree = "<group>";
		};
		50B584A30FDED0D4B72C04BC36D63C0C /* Sarena */ = {
			isa = PBXGroup;
			children = (
				01714DC5737B2E67F6EE224C8824ABC8 /* App */,
				032A29CA7D0FD2B1E4C08A35CC95C426 /* DesignSystem */,
				7FCCD01D9A981D0F474861539DA4B351 /* Models */,
				DF754740E3588AED92BDFE801DC9BCA7 /* Resources */,
				769775D2C8FA5B671B1B7D99C62E5AC3 /* Services */,
				2D0E049390365D150525DB4AAC21B89F /* Stores */,
				4CAC5F22AD38BB08402D3155B43010B4 /* Utilities */,
				4C4DA29B23F293E861AFA50AB61BF4D1 /* ViewModels */,
				2145F926E58DA06614E7060839EE9590 /* Views */,
			);
			name = Sarena;
			path = Sarena;
			sourceTree = "<group>";
		};
		74A8D8C4FFD65CB8134CAD1E60E2A450 /* Shared */ = {
			isa = PBXGroup;
			children = (
				8D5967044BD9F26FDB152874CD1B6365 /* Components.swift */,
				1233DF7AFBA0CBEA945E2CAB300FEFF6 /* Feedback.swift */,
				C65566BAC1C99D4FCE61DF65A26ED5EB /* PreviewSupport.swift */,
			);
			name = Shared;
			path = Shared;
			sourceTree = "<group>";
		};
		75E8A5CBA7062F993AD7F5902A18C185 /* Detail */ = {
			isa = PBXGroup;
			children = (
				80AAB40AD10F5F5E2D1C347DB8B11814 /* BookingConfirmationView.swift */,
				4A98FD734D6EBC795C99B2CD6F0BC20D /* VenueDetailView.swift */,
			);
			name = Detail;
			path = Detail;
			sourceTree = "<group>";
		};
		769775D2C8FA5B671B1B7D99C62E5AC3 /* Services */ = {
			isa = PBXGroup;
			children = (
				C6ADF2E564D4065285C9FEF864E52C01 /* AppServices.swift */,
				836127FA3F787B9068319C32FE1FCB1D /* AuthService.swift */,
				DDA8DE74F677405A6B1139F324589B23 /* BookingService.swift */,
				D4924F93F1923463DF4105C2B20DDC31 /* CatalogService.swift */,
				AECED8ACD53358E68F626EFE19F62AC1 /* KeychainStore.swift */,
				A8CBE2E7DB78A2EBC4A00A5BDDFFD664 /* SubscriptionService.swift */,
			);
			name = Services;
			path = Services;
			sourceTree = "<group>";
		};
		7C6F580EEE83F4D02EDBF1DF4372F630 /* Products */ = {
			isa = PBXGroup;
			children = (
				2C73CA577C0766EEBB42C7BA2651A7F9 /* Sarena.app */,
				904BFDBF1A666843D5E026F04E15FFC4 /* SarenaTests.xctest */,
			);
			name = Products;
			sourceTree = "<group>";
		};
		7FCCD01D9A981D0F474861539DA4B351 /* Models */ = {
			isa = PBXGroup;
			children = (
				C80D76F9D09DA0C16A42E69BF9DAF7BF /* AppPreferences.swift */,
				2B10B006CD70C84352283D6751737CF4 /* LocalizedText.swift */,
				C90D4256EFCB227833AFB5C2135CD639 /* MembershipPlan.swift */,
				28059C4B9BB0C1CB8E7734EA22597576 /* OfferCategory.swift */,
				8BCA496E5DD61184568391B24493C30C /* PromoCode.swift */,
				C4FA54509B942B6D5FC6E46AF8E85B92 /* SampleData.swift */,
				6BE75275C64D7CAB7F8C4D845783DE1B /* User.swift */,
				60C2257BB151B28347F304F6AD4D26E0 /* Venue.swift */,
			);
			name = Models;
			path = Models;
			sourceTree = "<group>";
		};
		85220EBE105A587594F1B59EB74AD48D = {
			isa = PBXGroup;
			children = (
				7C6F580EEE83F4D02EDBF1DF4372F630 /* Products */,
				DC11061B56814386485921594CD1008A /* Frameworks */,
				50B584A30FDED0D4B72C04BC36D63C0C /* Sarena */,
				95E3CCF8EB86CFD0DB3051E26C3FFD14 /* SarenaTests */,
				502A7449F12A51525FBE6B87F99BEB41 /* README.md */,
			);
			sourceTree = "<group>";
		};
		8A2D5BB65FD372D7AF781037C4E5EB0E /* Home */ = {
			isa = PBXGroup;
			children = (
				FEBD12534D686A9B2B462E837BA4F581 /* HomeCards.swift */,
				D2E598408BFBC4C7D0C2558CB8114C80 /* HomeView.swift */,
			);
			name = Home;
			path = Home;
			sourceTree = "<group>";
		};
		8FBF666C85145CD7C3F4F79F8DC67CFF /* Wallet */ = {
			isa = PBXGroup;
			children = (
				9C5FA06162CFFDBDD735A57F4435BA94 /* PromoCodeViews.swift */,
				C533D677C4B06ACE32B5EA27200E9835 /* WalletView.swift */,
			);
			name = Wallet;
			path = Wallet;
			sourceTree = "<group>";
		};
		95E3CCF8EB86CFD0DB3051E26C3FFD14 /* SarenaTests */ = {
			isa = PBXGroup;
			children = (
				948CE6EF0D9FA252756573B3C0E603CF /* SarenaTests.swift */,
			);
			name = SarenaTests;
			path = SarenaTests;
			sourceTree = "<group>";
		};
		B90F1A8A6BBFA3BEE02C357572445051 /* Settings */ = {
			isa = PBXGroup;
			children = (
				F1D43BF2B4F379EE66AAC8100A5E8311 /* SettingsView.swift */,
			);
			name = Settings;
			path = Settings;
			sourceTree = "<group>";
		};
		D52AB4ACEFE9460ACC9710222DE82B0B /* Auth */ = {
			isa = PBXGroup;
			children = (
				0BA220D84DFA48A9639857991FD76D48 /* LoginView.swift */,
				2CC152915886E990165D51540CDB43D4 /* OTPCodeField.swift */,
				7310373120DC0E27B462A3EF966B5242 /* RegisterView.swift */,
			);
			name = Auth;
			path = Auth;
			sourceTree = "<group>";
		};
		D9D5A18C65B928256B9E09DDEA16FD4A /* Onboarding */ = {
			isa = PBXGroup;
			children = (
				5A10C54C1BDC3BAE1F81A5B7A8DA1EED /* OnboardingFlowView.swift */,
			);
			name = Onboarding;
			path = Onboarding;
			sourceTree = "<group>";
		};
		DC11061B56814386485921594CD1008A /* Frameworks */ = {
			isa = PBXGroup;
			children = (
			);
			name = Frameworks;
			sourceTree = "<group>";
		};
		DF754740E3588AED92BDFE801DC9BCA7 /* Resources */ = {
			isa = PBXGroup;
			children = (
				1477287EFA9B898728BF5537E93C85D3 /* Assets.xcassets */,
				D838B82690989B0D90611BED290B7DAB /* Info.plist */,
				A39FFCA3298C71D760F52B3D91CE297D /* InfoPlist.xcstrings */,
				F32BD8C9F9092E94976987D729A5EC51 /* Localizable.xcstrings */,
			);
			name = Resources;
			path = Resources;
			sourceTree = "<group>";
		};
		F9CF08302F64882E3B6D82491F5DC1A5 /* Account */ = {
			isa = PBXGroup;
			children = (
				349843C474289894FC8F3DF828509BFB /* AccountComponents.swift */,
				34964243B7C6F030091CCEB489783CE7 /* AccountView.swift */,
			);
			name = Account;
			path = Account;
			sourceTree = "<group>";
		};
/* End PBXGroup section */

/* Begin PBXNativeTarget section */
		000C4938D25CE747BD45E3D6D8F3BB09 /* SarenaTests */ = {
			isa = PBXNativeTarget;
			buildConfigurationList = E83E650269F9CDF6E55C87C2FE749C9B /* Build configuration list for PBXNativeTarget "SarenaTests" */;
			buildPhases = (
				D16B17B4462996213024CE4B5FD0B454 /* Sources */,
				8C138EB13FC15C0FAB7452D5F23574C4 /* Frameworks */,
				118A3A3C95BB199B6E75EF12DF0CCAFD /* Resources */,
			);
			buildRules = (
			);
			dependencies = (
				5F7685A73628B2AAB38C5C3FC8DA7905 /* PBXTargetDependency */,
			);
			name = SarenaTests;
			productName = SarenaTests;
			productReference = 904BFDBF1A666843D5E026F04E15FFC4 /* SarenaTests.xctest */;
			productType = "com.apple.product-type.bundle.unit-test";
		};
		51DBFF1A7DD69D2C93C7C68B7079665D /* Sarena */ = {
			isa = PBXNativeTarget;
			buildConfigurationList = 38195DD240D2A31C5E8AE206D5679385 /* Build configuration list for PBXNativeTarget "Sarena" */;
			buildPhases = (
				87D916ABFADD40B9B441FF478F08D833 /* Sources */,
				4DDBFC503231053595005924963B880B /* Frameworks */,
				26AB53406C188F2B39B16A899AB95628 /* Resources */,
			);
			buildRules = (
			);
			dependencies = (
			);
			name = Sarena;
			productName = Sarena;
			productReference = 2C73CA577C0766EEBB42C7BA2651A7F9 /* Sarena.app */;
			productType = "com.apple.product-type.application";
		};
/* End PBXNativeTarget section */

/* Begin PBXProject section */
		74D80196372B2CE0E8213E4B47712620 /* Project object */ = {
			isa = PBXProject;
			attributes = {
				LastSwiftUpdateCheck = 1600;
				LastUpgradeCheck = 1600;
				ORGANIZATIONNAME = Sarena;
			};
			buildConfigurationList = B00F9BE4BDD999294F5173648DB94454 /* Build configuration list for PBXProject "Sarena" */;
			compatibilityVersion = "Xcode 3.2";
			developmentRegion = en;
			hasScannedForEncodings = 0;
			knownRegions = (
				en,
				ar,
				Base,
			);
			mainGroup = 85220EBE105A587594F1B59EB74AD48D;
			minimizedProjectReferenceProxies = 0;
			preferredProjectObjectVersion = 100;
			productRefGroup = 7C6F580EEE83F4D02EDBF1DF4372F630 /* Products */;
			projectDirPath = "";
			projectRoot = "";
			targets = (
				51DBFF1A7DD69D2C93C7C68B7079665D /* Sarena */,
				000C4938D25CE747BD45E3D6D8F3BB09 /* SarenaTests */,
			);
		};
/* End PBXProject section */

/* Begin PBXResourcesBuildPhase section */
		118A3A3C95BB199B6E75EF12DF0CCAFD /* Resources */ = {
			isa = PBXResourcesBuildPhase;
			buildActionMask = 2147483647;
			files = (
			);
			runOnlyForDeploymentPostprocessing = 0;
		};
		26AB53406C188F2B39B16A899AB95628 /* Resources */ = {
			isa = PBXResourcesBuildPhase;
			buildActionMask = 2147483647;
			files = (
				7800AF9417D2229E8F378E6B75BDFA26 /* Assets.xcassets in Resources */,
				F790E4E1FF0DA23B02135BD179F2F6F1 /* InfoPlist.xcstrings in Resources */,
				80D8F1AA80D6CA7257F3B7D03A075BA3 /* Localizable.xcstrings in Resources */,
			);
			runOnlyForDeploymentPostprocessing = 0;
		};
/* End PBXResourcesBuildPhase section */

/* Begin PBXSourcesBuildPhase section */
		87D916ABFADD40B9B441FF478F08D833 /* Sources */ = {
			isa = PBXSourcesBuildPhase;
			buildActionMask = 2147483647;
			files = (
				A317C20804ECE8BA923A9A4157F9D5C9 /* MainTabView.swift in Sources */,
				8E7F9FB769F44859B6A145B69113E8A1 /* RootView.swift in Sources */,
				0A180FC0313BD81405E151F19E63698D /* SarenaApp.swift in Sources */,
				5EA43619BE50AD1E3D0AFFF5DC0E6270 /* BrandViews.swift in Sources */,
				B586425C4D834E9F5753C54896446F45 /* FloatingGlass.swift in Sources */,
				5E06A8510FB867631DA67CBCCF18BCBB /* GlassBackground.swift in Sources */,
				2347A23C063025720BD62EB22A97A477 /* GlassControls.swift in Sources */,
				0802603085BECA13F2F7C3CA4621A949 /* GlassSurface.swift in Sources */,
				9DB2A5BAD7F89963D0D6E3F0833C1646 /* Theme.swift in Sources */,
				D23E26ACA04C63D826D83184F3D1FF8D /* AppPreferences.swift in Sources */,
				DF71F8B423A5461306E6BFD137B7E037 /* LocalizedText.swift in Sources */,
				F76A474FC8CE6FEF8210AD9E594D06E8 /* MembershipPlan.swift in Sources */,
				1D5F60F0632487D32D0F1549E524DFD5 /* OfferCategory.swift in Sources */,
				D82B6CDD668B887974F72050D6DFAE0C /* PromoCode.swift in Sources */,
				8D4A42D83B87DC01E757C7EDD16483C3 /* SampleData.swift in Sources */,
				526A7B464CCC3B49ECE3EAB3BADAE3C8 /* User.swift in Sources */,
				B50B6D3474906CD88EB44FAC23DA5F50 /* Venue.swift in Sources */,
				B70E4B74B0F28ED5550DE226FDDF3403 /* AppServices.swift in Sources */,
				E07EFB2DE002B076D433B614FD0E2C02 /* AuthService.swift in Sources */,
				625EB4906FEAF5085FE57BD930AAA1B6 /* BookingService.swift in Sources */,
				5AC4F76C4290AD83360251297BC6F84A /* CatalogService.swift in Sources */,
				5804A5ECA268FE8C5E0DE853F60AC1D1 /* KeychainStore.swift in Sources */,
				DDA9245FF863F8848ED636EE2D27F971 /* SubscriptionService.swift in Sources */,
				28189396EC0D1FAAAB4941153043C421 /* AppRouter.swift in Sources */,
				AC7B3CB91CCE757E8D43A9B32840F854 /* SessionStore.swift in Sources */,
				1C0F67909908E4B56F2466C784C5BA0F /* SubscriptionStore.swift in Sources */,
				5FB9AA62C9C60CD2094961E6464FE6E3 /* WalletStore.swift in Sources */,
				4DD3FB0CFD6599CADC8E67C99C966148 /* Formatting.swift in Sources */,
				462318155A9FCB56E60C73E6A7A8CB9E /* QRCodeGenerator.swift in Sources */,
				6F05171101C4429C5C5A02C34EA6610E /* Validation.swift in Sources */,
				8CA51AE99EFF66829CA81EB4ABF1A851 /* AccountViewModel.swift in Sources */,
				DDDB55450D78064AD2AB0C15E2E04CA1 /* HomeViewModel.swift in Sources */,
				7341A3442D541E52C7D9F50B5BD50625 /* LoginViewModel.swift in Sources */,
				D5C17E3C4C76689CDF2FD2D0C1FD5D64 /* RegisterViewModel.swift in Sources */,
				9EB0020B68A31DCC383E5F9D68A0C19B /* SettingsViewModel.swift in Sources */,
				17D5B702F19F8648429FC41D561BA45E /* VenueDetailViewModel.swift in Sources */,
				3BCA80F803858B689CDF8D0EB9FDC0B2 /* WalletViewModel.swift in Sources */,
				4CE9E52DCACB696EC02FF32A578E4B9C /* AccountComponents.swift in Sources */,
				91894CA98B6108FFD84FCE2F8DF38F9D /* AccountView.swift in Sources */,
				06582BB15EAC04A225337EC29757A84A /* LoginView.swift in Sources */,
				EC4094AE15DED317C8E5DBB284607F2D /* OTPCodeField.swift in Sources */,
				43E9C97C6FE0ED1CDA31A0DED319333E /* RegisterView.swift in Sources */,
				1C69CF001126861A13169AD4FDC8645E /* BookingConfirmationView.swift in Sources */,
				4F70B0AA5D375C7A4AB0EB7F083958F0 /* VenueDetailView.swift in Sources */,
				A28D276D31EC547E869BF32DF7E82B1F /* HomeCards.swift in Sources */,
				16011F0A939BA2562A20B86CD31DD84C /* HomeView.swift in Sources */,
				8DBF22056D25E10B112C90C3ADAEF4A7 /* OnboardingFlowView.swift in Sources */,
				5B1030CC0FE4637C24A8698DA4F20EF7 /* SettingsView.swift in Sources */,
				46D0980958A6DC194A8D501812225CDD /* Components.swift in Sources */,
				4EB8C0F6089E0D5F1F80C647F0E3DBC9 /* Feedback.swift in Sources */,
				169FBC5DD2D2EB3D9857C20ACFA8D075 /* PreviewSupport.swift in Sources */,
				DDA453DC259413287164DEE0323B195C /* PromoCodeViews.swift in Sources */,
				BB51BD8C4EC8023B49DE0AF67BE79344 /* WalletView.swift in Sources */,
			);
			runOnlyForDeploymentPostprocessing = 0;
		};
		D16B17B4462996213024CE4B5FD0B454 /* Sources */ = {
			isa = PBXSourcesBuildPhase;
			buildActionMask = 2147483647;
			files = (
				B4E2BFF3B9F88997041927D20152DE36 /* SarenaTests.swift in Sources */,
			);
			runOnlyForDeploymentPostprocessing = 0;
		};
/* End PBXSourcesBuildPhase section */

/* Begin PBXTargetDependency section */
		5F7685A73628B2AAB38C5C3FC8DA7905 /* PBXTargetDependency */ = {
			isa = PBXTargetDependency;
			name = Sarena;
			target = 51DBFF1A7DD69D2C93C7C68B7079665D /* Sarena */;
			targetProxy = B06EEBC6B1FDAA727AE2A6F546E7913C /* PBXContainerItemProxy */;
		};
/* End PBXTargetDependency section */

/* Begin XCBuildConfiguration section */
		0047459F282B446B0D196454834CDD17 /* Debug */ = {
			isa = XCBuildConfiguration;
			buildSettings = {
				BUNDLE_LOADER = "$(TEST_HOST)";
				CLANG_ENABLE_OBJC_WEAK = NO;
				CODE_SIGN_STYLE = Automatic;
				GENERATE_INFOPLIST_FILE = YES;
				IPHONEOS_DEPLOYMENT_TARGET = 17.0;
				PRODUCT_BUNDLE_IDENTIFIER = om.sarena.app.tests;
				PRODUCT_NAME = "$(TARGET_NAME)";
				SDKROOT = iphoneos;
				SWIFT_VERSION = 5.0;
				TARGETED_DEVICE_FAMILY = "1,2";
				TEST_HOST = "$(BUILT_PRODUCTS_DIR)/Sarena.app/$(BUNDLE_EXECUTABLE_FOLDER_PATH)/Sarena";
			};
			name = Debug;
		};
		3862CF1043095724B1EBE246B899024F /* Release */ = {
			isa = XCBuildConfiguration;
			buildSettings = {
				BUNDLE_LOADER = "$(TEST_HOST)";
				CLANG_ENABLE_OBJC_WEAK = NO;
				CODE_SIGN_STYLE = Automatic;
				GENERATE_INFOPLIST_FILE = YES;
				IPHONEOS_DEPLOYMENT_TARGET = 17.0;
				PRODUCT_BUNDLE_IDENTIFIER = om.sarena.app.tests;
				PRODUCT_NAME = "$(TARGET_NAME)";
				SDKROOT = iphoneos;
				SWIFT_VERSION = 5.0;
				TARGETED_DEVICE_FAMILY = "1,2";
				TEST_HOST = "$(BUILT_PRODUCTS_DIR)/Sarena.app/$(BUNDLE_EXECUTABLE_FOLDER_PATH)/Sarena";
				VALIDATE_PRODUCT = YES;
			};
			name = Release;
		};
		6DA996CB022255817A465A6B143D1D79 /* Release */ = {
			isa = XCBuildConfiguration;
			buildSettings = {
				ASSETCATALOG_COMPILER_ALTERNATE_APPICON_NAMES = "AppIcon-Glass AppIcon-Midnight AppIcon-Frost";
				ASSETCATALOG_COMPILER_APPICON_NAME = AppIcon;
				ASSETCATALOG_COMPILER_GLOBAL_ACCENT_COLOR_NAME = AccentColor;
				ASSETCATALOG_COMPILER_INCLUDE_ALL_APPICON_ASSETS = NO;
				CLANG_ENABLE_OBJC_WEAK = NO;
				CODE_SIGN_STYLE = Automatic;
				CURRENT_PROJECT_VERSION = 1;
				DEVELOPMENT_TEAM = "";
				ENABLE_PREVIEWS = YES;
				GENERATE_INFOPLIST_FILE = YES;
				INFOPLIST_FILE = Sarena/Resources/Info.plist;
				INFOPLIST_KEY_CFBundleDisplayName = Sarena;
				INFOPLIST_KEY_LSApplicationCategoryType = "public.app-category.lifestyle";
				INFOPLIST_KEY_UIApplicationSceneManifest_Generation = YES;
				INFOPLIST_KEY_UIApplicationSupportsIndirectInputEvents = YES;
				INFOPLIST_KEY_UISupportedInterfaceOrientations = UIInterfaceOrientationPortrait;
				INFOPLIST_KEY_UISupportedInterfaceOrientations_iPad = "UIInterfaceOrientationPortrait UIInterfaceOrientationPortraitUpsideDown UIInterfaceOrientationLandscapeLeft UIInterfaceOrientationLandscapeRight";
				IPHONEOS_DEPLOYMENT_TARGET = 17.0;
				LD_RUNPATH_SEARCH_PATHS = "$(inherited) @executable_path/Frameworks";
				LOCALIZATION_PREFERS_STRING_CATALOGS = YES;
				MARKETING_VERSION = 1.0.0;
				PRODUCT_BUNDLE_IDENTIFIER = om.sarena.app;
				PRODUCT_NAME = "$(TARGET_NAME)";
				SDKROOT = iphoneos;
				SWIFT_EMIT_LOC_STRINGS = YES;
				SWIFT_VERSION = 5.0;
				TARGETED_DEVICE_FAMILY = "1,2";
				VALIDATE_PRODUCT = YES;
			};
			name = Release;
		};
		91E3FA26DACB905369F3E9752414676F /* Debug */ = {
			isa = XCBuildConfiguration;
			buildSettings = {
				ALWAYS_SEARCH_USER_PATHS = NO;
				CLANG_ANALYZER_NONNULL = YES;
				CLANG_ANALYZER_NUMBER_OBJECT_CONVERSION = YES_AGGRESSIVE;
				CLANG_CXX_LANGUAGE_STANDARD = "gnu++14";
				CLANG_CXX_LIBRARY = "libc++";
				CLANG_ENABLE_MODULES = YES;
				CLANG_ENABLE_OBJC_ARC = YES;
				CLANG_ENABLE_OBJC_WEAK = YES;
				CLANG_WARN_BLOCK_CAPTURE_AUTORELEASING = YES;
				CLANG_WARN_BOOL_CONVERSION = YES;
				CLANG_WARN_COMMA = YES;
				CLANG_WARN_CONSTANT_CONVERSION = YES;
				CLANG_WARN_DEPRECATED_OBJC_IMPLEMENTATIONS = YES;
				CLANG_WARN_DIRECT_OBJC_ISA_USAGE = YES_ERROR;
				CLANG_WARN_DOCUMENTATION_COMMENTS = YES;
				CLANG_WARN_EMPTY_BODY = YES;
				CLANG_WARN_ENUM_CONVERSION = YES;
				CLANG_WARN_INFINITE_RECURSION = YES;
				CLANG_WARN_INT_CONVERSION = YES;
				CLANG_WARN_NON_LITERAL_NULL_CONVERSION = YES;
				CLANG_WARN_OBJC_IMPLICIT_RETAIN_SELF = YES;
				CLANG_WARN_OBJC_LITERAL_CONVERSION = YES;
				CLANG_WARN_OBJC_ROOT_CLASS = YES_ERROR;
				CLANG_WARN_QUOTED_INCLUDE_IN_FRAMEWORK_HEADER = YES;
				CLANG_WARN_RANGE_LOOP_ANALYSIS = YES;
				CLANG_WARN_STRICT_PROTOTYPES = YES;
				CLANG_WARN_SUSPICIOUS_MOVE = YES;
				CLANG_WARN_UNGUARDED_AVAILABILITY = YES_AGGRESSIVE;
				CLANG_WARN_UNREACHABLE_CODE = YES;
				CLANG_WARN__DUPLICATE_METHOD_MATCH = YES;
				COPY_PHASE_STRIP = NO;
				DEBUG_INFORMATION_FORMAT = dwarf;
				ENABLE_STRICT_OBJC_MSGSEND = YES;
				ENABLE_TESTABILITY = YES;
				GCC_C_LANGUAGE_STANDARD = gnu11;
				GCC_DYNAMIC_NO_PIC = NO;
				GCC_NO_COMMON_BLOCKS = YES;
				GCC_OPTIMIZATION_LEVEL = 0;
				GCC_PREPROCESSOR_DEFINITIONS = (
					"DEBUG=1",
					"$(inherited)",
				);
				GCC_WARN_64_TO_32_BIT_CONVERSION = YES;
				GCC_WARN_ABOUT_RETURN_TYPE = YES_ERROR;
				GCC_WARN_UNDECLARED_SELECTOR = YES;
				GCC_WARN_UNINITIALIZED_AUTOS = YES_AGGRESSIVE;
				GCC_WARN_UNUSED_FUNCTION = YES;
				GCC_WARN_UNUSED_VARIABLE = YES;
				MTL_ENABLE_DEBUG_INFO = INCLUDE_SOURCE;
				MTL_FAST_MATH = YES;
				ONLY_ACTIVE_ARCH = YES;
				PRODUCT_NAME = "$(TARGET_NAME)";
				SWIFT_ACTIVE_COMPILATION_CONDITIONS = DEBUG;
				SWIFT_OPTIMIZATION_LEVEL = "-Onone";
				SWIFT_VERSION = 5.0;
			};
			name = Debug;
		};
		960AC0FBBBD43903F44398BE9470F863 /* Release */ = {
			isa = XCBuildConfiguration;
			buildSettings = {
				ALWAYS_SEARCH_USER_PATHS = NO;
				CLANG_ANALYZER_NONNULL = YES;
				CLANG_ANALYZER_NUMBER_OBJECT_CONVERSION = YES_AGGRESSIVE;
				CLANG_CXX_LANGUAGE_STANDARD = "gnu++14";
				CLANG_CXX_LIBRARY = "libc++";
				CLANG_ENABLE_MODULES = YES;
				CLANG_ENABLE_OBJC_ARC = YES;
				CLANG_ENABLE_OBJC_WEAK = YES;
				CLANG_WARN_BLOCK_CAPTURE_AUTORELEASING = YES;
				CLANG_WARN_BOOL_CONVERSION = YES;
				CLANG_WARN_COMMA = YES;
				CLANG_WARN_CONSTANT_CONVERSION = YES;
				CLANG_WARN_DEPRECATED_OBJC_IMPLEMENTATIONS = YES;
				CLANG_WARN_DIRECT_OBJC_ISA_USAGE = YES_ERROR;
				CLANG_WARN_DOCUMENTATION_COMMENTS = YES;
				CLANG_WARN_EMPTY_BODY = YES;
				CLANG_WARN_ENUM_CONVERSION = YES;
				CLANG_WARN_INFINITE_RECURSION = YES;
				CLANG_WARN_INT_CONVERSION = YES;
				CLANG_WARN_NON_LITERAL_NULL_CONVERSION = YES;
				CLANG_WARN_OBJC_IMPLICIT_RETAIN_SELF = YES;
				CLANG_WARN_OBJC_LITERAL_CONVERSION = YES;
				CLANG_WARN_OBJC_ROOT_CLASS = YES_ERROR;
				CLANG_WARN_QUOTED_INCLUDE_IN_FRAMEWORK_HEADER = YES;
				CLANG_WARN_RANGE_LOOP_ANALYSIS = YES;
				CLANG_WARN_STRICT_PROTOTYPES = YES;
				CLANG_WARN_SUSPICIOUS_MOVE = YES;
				CLANG_WARN_UNGUARDED_AVAILABILITY = YES_AGGRESSIVE;
				CLANG_WARN_UNREACHABLE_CODE = YES;
				CLANG_WARN__DUPLICATE_METHOD_MATCH = YES;
				COPY_PHASE_STRIP = NO;
				DEBUG_INFORMATION_FORMAT = "dwarf-with-dsym";
				ENABLE_NS_ASSERTIONS = NO;
				ENABLE_STRICT_OBJC_MSGSEND = YES;
				GCC_C_LANGUAGE_STANDARD = gnu11;
				GCC_NO_COMMON_BLOCKS = YES;
				GCC_WARN_64_TO_32_BIT_CONVERSION = YES;
				GCC_WARN_ABOUT_RETURN_TYPE = YES_ERROR;
				GCC_WARN_UNDECLARED_SELECTOR = YES;
				GCC_WARN_UNINITIALIZED_AUTOS = YES_AGGRESSIVE;
				GCC_WARN_UNUSED_FUNCTION = YES;
				GCC_WARN_UNUSED_VARIABLE = YES;
				MTL_ENABLE_DEBUG_INFO = NO;
				MTL_FAST_MATH = YES;
				PRODUCT_NAME = "$(TARGET_NAME)";
				SWIFT_COMPILATION_MODE = wholemodule;
				SWIFT_OPTIMIZATION_LEVEL = "-O";
				SWIFT_VERSION = 5.0;
			};
			name = Release;
		};
		B01E95844FBF4567DF29100CF0576E5C /* Debug */ = {
			isa = XCBuildConfiguration;
			buildSettings = {
				ASSETCATALOG_COMPILER_ALTERNATE_APPICON_NAMES = "AppIcon-Glass AppIcon-Midnight AppIcon-Frost";
				ASSETCATALOG_COMPILER_APPICON_NAME = AppIcon;
				ASSETCATALOG_COMPILER_GLOBAL_ACCENT_COLOR_NAME = AccentColor;
				ASSETCATALOG_COMPILER_INCLUDE_ALL_APPICON_ASSETS = NO;
				CLANG_ENABLE_OBJC_WEAK = NO;
				CODE_SIGN_STYLE = Automatic;
				CURRENT_PROJECT_VERSION = 1;
				DEVELOPMENT_TEAM = "";
				ENABLE_PREVIEWS = YES;
				GENERATE_INFOPLIST_FILE = YES;
				INFOPLIST_FILE = Sarena/Resources/Info.plist;
				INFOPLIST_KEY_CFBundleDisplayName = Sarena;
				INFOPLIST_KEY_LSApplicationCategoryType = "public.app-category.lifestyle";
				INFOPLIST_KEY_UIApplicationSceneManifest_Generation = YES;
				INFOPLIST_KEY_UIApplicationSupportsIndirectInputEvents = YES;
				INFOPLIST_KEY_UISupportedInterfaceOrientations = UIInterfaceOrientationPortrait;
				INFOPLIST_KEY_UISupportedInterfaceOrientations_iPad = "UIInterfaceOrientationPortrait UIInterfaceOrientationPortraitUpsideDown UIInterfaceOrientationLandscapeLeft UIInterfaceOrientationLandscapeRight";
				IPHONEOS_DEPLOYMENT_TARGET = 17.0;
				LD_RUNPATH_SEARCH_PATHS = "$(inherited) @executable_path/Frameworks";
				LOCALIZATION_PREFERS_STRING_CATALOGS = YES;
				MARKETING_VERSION = 1.0.0;
				PRODUCT_BUNDLE_IDENTIFIER = om.sarena.app;
				PRODUCT_NAME = "$(TARGET_NAME)";
				SDKROOT = iphoneos;
				SWIFT_EMIT_LOC_STRINGS = YES;
				SWIFT_VERSION = 5.0;
				TARGETED_DEVICE_FAMILY = "1,2";
			};
			name = Debug;
		};
/* End XCBuildConfiguration section */

/* Begin XCConfigurationList section */
		38195DD240D2A31C5E8AE206D5679385 /* Build configuration list for PBXNativeTarget "Sarena" */ = {
			isa = XCConfigurationList;
			buildConfigurations = (
				6DA996CB022255817A465A6B143D1D79 /* Release */,
				B01E95844FBF4567DF29100CF0576E5C /* Debug */,
			);
			defaultConfigurationIsVisible = 0;
			defaultConfigurationName = Release;
		};
		B00F9BE4BDD999294F5173648DB94454 /* Build configuration list for PBXProject "Sarena" */ = {
			isa = XCConfigurationList;
			buildConfigurations = (
				91E3FA26DACB905369F3E9752414676F /* Debug */,
				960AC0FBBBD43903F44398BE9470F863 /* Release */,
			);
			defaultConfigurationIsVisible = 0;
			defaultConfigurationName = Release;
		};
		E83E650269F9CDF6E55C87C2FE749C9B /* Build configuration list for PBXNativeTarget "SarenaTests" */ = {
			isa = XCConfigurationList;
			buildConfigurations = (
				3862CF1043095724B1EBE246B899024F /* Release */,
				0047459F282B446B0D196454834CDD17 /* Debug */,
			);
			defaultConfigurationIsVisible = 0;
			defaultConfigurationName = Release;
		};
/* End XCConfigurationList section */
	};
	rootObject = 74D80196372B2CE0E8213E4B47712620 /* Project object */;
}
