// !$*UTF8*$!
{
	archiveVersion = 1;
	classes = {
	};
	objectVersion = 46;
	objects = {

/* Begin PBXBuildFile section */
		03963927FCD253B82C67EB7A060BA1AD /* VenueDetailViewModel.swift in Sources */ = {isa = PBXBuildFile; fileRef = 0BFD50E4AF698717C38E209F9119A9D9 /* VenueDetailViewModel.swift */; };
		06BA22C839EEE2385D1B353EEECF452E /* LanguageTransitionView.swift in Sources */ = {isa = PBXBuildFile; fileRef = 86E8AFC5158D3348366210FCD1D96552 /* LanguageTransitionView.swift */; };
		06F231B8BB3EA030A872A21B6E5013E6 /* SettingsViewModel.swift in Sources */ = {isa = PBXBuildFile; fileRef = 729441C7074D6D2B386FFBFBF381AF8D /* SettingsViewModel.swift */; };
		0EB8C440B759FB0E107376C230E7B215 /* SampleData.swift in Sources */ = {isa = PBXBuildFile; fileRef = 0A3AE20C7C85431E0C7286FB61793957 /* SampleData.swift */; };
		11DB24EC39FAC2606E111264D26D0479 /* SarenaApp.swift in Sources */ = {isa = PBXBuildFile; fileRef = 47982055C5CA4FE80243F1E1293F6888 /* SarenaApp.swift */; };
		183AC8802B0E17C046B0796CD3A40EC8 /* AppPreferences.swift in Sources */ = {isa = PBXBuildFile; fileRef = 3B1318B81631B1C4CCF298C6810C7D64 /* AppPreferences.swift */; };
		190AA92F86D8DC6AC0E5F1661371C0BA /* SettingsView.swift in Sources */ = {isa = PBXBuildFile; fileRef = 9E0E915139CAF420FDE5E516EFE16BFE /* SettingsView.swift */; };
		1F50B686582EAE4D1ED513A31DC319AC /* Feedback.swift in Sources */ = {isa = PBXBuildFile; fileRef = E1D4E674CF5CFE5CF0B28E8ADC129357 /* Feedback.swift */; };
		2093C1EAA391F2EA6A5E677415CC89F8 /* SubscriptionService.swift in Sources */ = {isa = PBXBuildFile; fileRef = 1AD4B0D03D17908FA3333EDFA5DE0110 /* SubscriptionService.swift */; };
		22A275F6155ABB7EE172EC994A0D43ED /* CatalogStore.swift in Sources */ = {isa = PBXBuildFile; fileRef = 5814D71797E3F12421882B9B047F1D20 /* CatalogStore.swift */; };
		287727D0D8B53891229A86A3C4FD902F /* BookingConfirmationView.swift in Sources */ = {isa = PBXBuildFile; fileRef = 970A4F626F715718BFC30A788C6BBB62 /* BookingConfirmationView.swift */; };
		36D0C807B008D05752393887A19A92C7 /* AccountViewModel.swift in Sources */ = {isa = PBXBuildFile; fileRef = E2768483F6EC3C7B163FAA6FE45AD49E /* AccountViewModel.swift */; };
		3894558264C78ADC2FB27CF8CFA87D9F /* Assets.xcassets in Resources */ = {isa = PBXBuildFile; fileRef = BD1BC78AC8112B8F100C5160DCA0B7AB /* Assets.xcassets */; };
		39150A3FEE76AB777C2B3F74FD68F1DE /* OTPCodeField.swift in Sources */ = {isa = PBXBuildFile; fileRef = D86635FB87DDA7B50CC07B132B80AE56 /* OTPCodeField.swift */; };
		3AD4C1B8CA00DF20230175B2091211C4 /* CatalogService.swift in Sources */ = {isa = PBXBuildFile; fileRef = 8A0F22CBA06C3C869976615938D14182 /* CatalogService.swift */; };
		3B87F473F7237657687E33E52BB53718 /* User.swift in Sources */ = {isa = PBXBuildFile; fileRef = 643E5D872B332B589A7D723F788954CD /* User.swift */; };
		3C2EACF7D7420569AB0D057FB4E181CA /* LoginView.swift in Sources */ = {isa = PBXBuildFile; fileRef = 21B3AB5B18C10880D84A0623734CB618 /* LoginView.swift */; };
		3CC34389AD8C1A3154CE55FC33D7324B /* Formatting.swift in Sources */ = {isa = PBXBuildFile; fileRef = 8A8CC242AF4BFAF33BA2DFB4C50D7765 /* Formatting.swift */; };
		3F9E22F93EDB01B79461F3A55BB65285 /* LanguageCoordinator.swift in Sources */ = {isa = PBXBuildFile; fileRef = 4F74AD97341DDE253EAD905C3C3694CD /* LanguageCoordinator.swift */; };
		425C8152154F3065A183983EB8545028 /* FloatingGlass.swift in Sources */ = {isa = PBXBuildFile; fileRef = 65822A3F66A14A5278928145A15BE16C /* FloatingGlass.swift */; };
		479B607C2596EB6ACE56BD27CDC04820 /* RegisterViewModel.swift in Sources */ = {isa = PBXBuildFile; fileRef = E2ADB5B91FDC79FE58AAA7CBA0E7E20F /* RegisterViewModel.swift */; };
		4A2F2CC2F5C228B256F17A69D8A985B7 /* RegisterView.swift in Sources */ = {isa = PBXBuildFile; fileRef = 27290F58A328D26E8C3E32A37F366C7F /* RegisterView.swift */; };
		4E3D87CEAE517A1BC147BF13CAE84EC0 /* PreviewSupport.swift in Sources */ = {isa = PBXBuildFile; fileRef = 7926FD9673BE59AC9899C5692A949C4C /* PreviewSupport.swift */; };
		52326C22FB102DD13DF1821330A649BD /* GlassControls.swift in Sources */ = {isa = PBXBuildFile; fileRef = D1CD5CFB91C13F802F384AB933C3B34D /* GlassControls.swift */; };
		56ACE6B7C39DB42C539C9F7427A261B0 /* PromoCodeViews.swift in Sources */ = {isa = PBXBuildFile; fileRef = 6CDC32F1B7BD9D95C391188EDEE74B45 /* PromoCodeViews.swift */; };
		56F81D04F46EB426A21A36ABAA0D3E21 /* Theme.swift in Sources */ = {isa = PBXBuildFile; fileRef = C0C5B032F9C209AAB5F86B13D5F19F8E /* Theme.swift */; };
		5DE1D2EE637151BB650C675DDB54E99B /* AuthService.swift in Sources */ = {isa = PBXBuildFile; fileRef = CC3D6CF6A58DE47F251518E1425AB872 /* AuthService.swift */; };
		61D0273626BDE5B4D96368C100C087B2 /* WalletViewModel.swift in Sources */ = {isa = PBXBuildFile; fileRef = 7E824CF33407ED9E0E9A62B205C001C3 /* WalletViewModel.swift */; };
		6CE5402FEBBD20BC28F55C56ABFD9967 /* MembershipPlan.swift in Sources */ = {isa = PBXBuildFile; fileRef = D4D39D4603C30B036A88E8A54C42C13A /* MembershipPlan.swift */; };
		6EDF1840FAE26B5485F12395B19F31A2 /* Components.swift in Sources */ = {isa = PBXBuildFile; fileRef = E4F316E5740AAE984E521CCD6C720691 /* Components.swift */; };
		6F4CAA54E6E0AC02335332A3A5F97ACC /* PromoCode.swift in Sources */ = {isa = PBXBuildFile; fileRef = 7D5677963C7E0591B796D37227938C3C /* PromoCode.swift */; };
		71B9CA1C29E91A909DE1D7CE9E611117 /* HomeView.swift in Sources */ = {isa = PBXBuildFile; fileRef = 7236777D6FC6DBE8B7810C0ED62E8CDE /* HomeView.swift */; };
		73E6EDFD445963797176115591E489A7 /* OnboardingFlowView.swift in Sources */ = {isa = PBXBuildFile; fileRef = DB4813F18D477FE5F2B5F3E9ADA3AC5E /* OnboardingFlowView.swift */; };
		7A5EED01258F424694E47CE583152E7C /* Localizable.xcstrings in Resources */ = {isa = PBXBuildFile; fileRef = 42C594425036C0C0CA50695F7114F2FE /* Localizable.xcstrings */; };
		7B2024EDF8A2B356503836A2AC988816 /* BookingService.swift in Sources */ = {isa = PBXBuildFile; fileRef = C5FC0D5FD02BAE5F28AD4BBC5D176471 /* BookingService.swift */; };
		7C1FFBC905B598E749F12989805777BB /* AccountComponents.swift in Sources */ = {isa = PBXBuildFile; fileRef = 157A65ADB9BA50A469ACDCEA51759D22 /* AccountComponents.swift */; };
		7E6244E50BF8388DB18DA496CC76D842 /* InfoPlist.xcstrings in Resources */ = {isa = PBXBuildFile; fileRef = 32C7ADE9351B87C114E150BC4AAE6BAD /* InfoPlist.xcstrings */; };
		7FB623CF2AFC562EE3656C147D460CD5 /* GlassSurface.swift in Sources */ = {isa = PBXBuildFile; fileRef = 415783D1AE8537BCCC3C47D775A86527 /* GlassSurface.swift */; };
		8109D99EA380B6C39322CF51ADE6DB6C /* Venue.swift in Sources */ = {isa = PBXBuildFile; fileRef = 3E64BE70AE016CF9348315AC52C4D450 /* Venue.swift */; };
		824C8FF9841CB4468E803DFAE7E510AC /* AppRouter.swift in Sources */ = {isa = PBXBuildFile; fileRef = A713BF5E531A5B355646E24FCD4B3F83 /* AppRouter.swift */; };
		8572803A8B6051DB3294D12E3556405B /* AccountView.swift in Sources */ = {isa = PBXBuildFile; fileRef = B431607BEF3A5E1B51BBA50804B9F6E3 /* AccountView.swift */; };
		8D926DF60879AD245FE491D238F8D609 /* LoginViewModel.swift in Sources */ = {isa = PBXBuildFile; fileRef = D109B62F52C7016A513E097E0333F605 /* LoginViewModel.swift */; };
		8F3CC20D3BB4C752D34DA7070A812899 /* MainTabView.swift in Sources */ = {isa = PBXBuildFile; fileRef = 92FBD06982B2E4AA9536DC0426906831 /* MainTabView.swift */; };
		8FC276EF8D4C2AB248BDC306CC1DA4D6 /* WalletStore.swift in Sources */ = {isa = PBXBuildFile; fileRef = B1326252FF29720FCE660D5B2E819C18 /* WalletStore.swift */; };
		9A6773BBE8832707DF8CF18A9C32AA8F /* SessionStore.swift in Sources */ = {isa = PBXBuildFile; fileRef = 3BBEE31F71D426EE3FB57471BDEAE75D /* SessionStore.swift */; };
		9AE3634697AA458941627DBDC7E21AAC /* WalletView.swift in Sources */ = {isa = PBXBuildFile; fileRef = C6E2E0C8CD0D0C54FF689823CCAE6F1D /* WalletView.swift */; };
		A429BC0ADA90C3953249EB37AE9574C8 /* AppServices.swift in Sources */ = {isa = PBXBuildFile; fileRef = 981C788E57ADFDC098CE946E6CE96D6E /* AppServices.swift */; };
		A8DFC46953D34780065EB5D11A169D4E /* GlassBackground.swift in Sources */ = {isa = PBXBuildFile; fileRef = BAB565361E57D42AC9C86A14A84FEC2F /* GlassBackground.swift */; };
		B4CF3BF69A17F76CED9F986AE2F776D8 /* OfferCategory.swift in Sources */ = {isa = PBXBuildFile; fileRef = 73E8550BF80871ED85DC44ACCFBFD9BB /* OfferCategory.swift */; };
		B4E2BFF3B9F88997041927D20152DE36 /* SarenaTests.swift in Sources */ = {isa = PBXBuildFile; fileRef = 948CE6EF0D9FA252756573B3C0E603CF /* SarenaTests.swift */; };
		B63671B80ED63D52E7E6B48ACD9F5ECA /* SubscriptionStore.swift in Sources */ = {isa = PBXBuildFile; fileRef = 0935163B67F0ECE7A756E9AAB7DD0697 /* SubscriptionStore.swift */; };
		C4EE29DBA32EC9B4C0A512070C6A67CB /* HomeViewModel.swift in Sources */ = {isa = PBXBuildFile; fileRef = 76CD8EC91E6FE07F07634FFF3CA80E8F /* HomeViewModel.swift */; };
		E0F49193C8C4CF4999292FF7474AEA6D /* VenueDetailView.swift in Sources */ = {isa = PBXBuildFile; fileRef = 90C96C9BA1F8BA575A987B0C55AFE6EA /* VenueDetailView.swift */; };
		E1592F269EB06E4DF5D537551BDD9512 /* QRCodeGenerator.swift in Sources */ = {isa = PBXBuildFile; fileRef = 86A2B1611256F25EDECDE1A82E475A8E /* QRCodeGenerator.swift */; };
		E2DC06FEE16D8EB939EC2EED68693665 /* BrandViews.swift in Sources */ = {isa = PBXBuildFile; fileRef = E73986E7C61DE3CC48A504F8B40DB9D2 /* BrandViews.swift */; };
		ECBAF73597DBC81F4A12C416AB368011 /* HomeCards.swift in Sources */ = {isa = PBXBuildFile; fileRef = F02371F6A3B1AF426AC50422E3502B35 /* HomeCards.swift */; };
		F0624051093A896E16F55B1FC19224B8 /* Validation.swift in Sources */ = {isa = PBXBuildFile; fileRef = E821DA25E74257F12B6EFCEA9D9205E7 /* Validation.swift */; };
		F10DE00A2914A34377669EF9DD89081B /* RootView.swift in Sources */ = {isa = PBXBuildFile; fileRef = 3D8019A0FBB501978CC0045667EAD707 /* RootView.swift */; };
		FE2E5D6281D6048518BF86F37B88F181 /* LocalizedText.swift in Sources */ = {isa = PBXBuildFile; fileRef = 0CAF305C886FEEC59309767E8690F7D3 /* LocalizedText.swift */; };
		FF0752BC2D2145766A017B9AD12E18EF /* KeychainStore.swift in Sources */ = {isa = PBXBuildFile; fileRef = 30566509D6D4E523605F62FA037981CF /* KeychainStore.swift */; };
/* End PBXBuildFile section */

/* Begin PBXContainerItemProxy section */
		2D1AF3E8D9174940BA77A038E23A4FF9 /* PBXContainerItemProxy */ = {
			isa = PBXContainerItemProxy;
			containerPortal = 74D80196372B2CE0E8213E4B47712620 /* Project object */;
			proxyType = 1;
			remoteGlobalIDString = A85E819FD0227F7E96B3970E5C4C4F0B;
			remoteInfo = Sarena;
		};
/* End PBXContainerItemProxy section */

/* Begin PBXFileReference section */
		0935163B67F0ECE7A756E9AAB7DD0697 /* SubscriptionStore.swift */ = {isa = PBXFileReference; includeInIndex = 1; lastKnownFileType = sourcecode.swift; path = SubscriptionStore.swift; sourceTree = "<group>"; };
		0A3AE20C7C85431E0C7286FB61793957 /* SampleData.swift */ = {isa = PBXFileReference; includeInIndex = 1; lastKnownFileType = sourcecode.swift; path = SampleData.swift; sourceTree = "<group>"; };
		0BFD50E4AF698717C38E209F9119A9D9 /* VenueDetailViewModel.swift */ = {isa = PBXFileReference; includeInIndex = 1; lastKnownFileType = sourcecode.swift; path = VenueDetailViewModel.swift; sourceTree = "<group>"; };
		0CAF305C886FEEC59309767E8690F7D3 /* LocalizedText.swift */ = {isa = PBXFileReference; includeInIndex = 1; lastKnownFileType = sourcecode.swift; path = LocalizedText.swift; sourceTree = "<group>"; };
		157A65ADB9BA50A469ACDCEA51759D22 /* AccountComponents.swift */ = {isa = PBXFileReference; includeInIndex = 1; lastKnownFileType = sourcecode.swift; path = AccountComponents.swift; sourceTree = "<group>"; };
		1AD4B0D03D17908FA3333EDFA5DE0110 /* SubscriptionService.swift */ = {isa = PBXFileReference; includeInIndex = 1; lastKnownFileType = sourcecode.swift; path = SubscriptionService.swift; sourceTree = "<group>"; };
		21B3AB5B18C10880D84A0623734CB618 /* LoginView.swift */ = {isa = PBXFileReference; includeInIndex = 1; lastKnownFileType = sourcecode.swift; path = LoginView.swift; sourceTree = "<group>"; };
		27290F58A328D26E8C3E32A37F366C7F /* RegisterView.swift */ = {isa = PBXFileReference; includeInIndex = 1; lastKnownFileType = sourcecode.swift; path = RegisterView.swift; sourceTree = "<group>"; };
		2C73CA577C0766EEBB42C7BA2651A7F9 /* Sarena.app */ = {isa = PBXFileReference; explicitFileType = wrapper.application; includeInIndex = 0; path = Sarena.app; sourceTree = BUILT_PRODUCTS_DIR; };
		30566509D6D4E523605F62FA037981CF /* KeychainStore.swift */ = {isa = PBXFileReference; includeInIndex = 1; lastKnownFileType = sourcecode.swift; path = KeychainStore.swift; sourceTree = "<group>"; };
		32C7ADE9351B87C114E150BC4AAE6BAD /* InfoPlist.xcstrings */ = {isa = PBXFileReference; includeInIndex = 1; lastKnownFileType = text.json.xcstrings; path = InfoPlist.xcstrings; sourceTree = "<group>"; };
		3B1318B81631B1C4CCF298C6810C7D64 /* AppPreferences.swift */ = {isa = PBXFileReference; includeInIndex = 1; lastKnownFileType = sourcecode.swift; path = AppPreferences.swift; sourceTree = "<group>"; };
		3BBEE31F71D426EE3FB57471BDEAE75D /* SessionStore.swift */ = {isa = PBXFileReference; includeInIndex = 1; lastKnownFileType = sourcecode.swift; path = SessionStore.swift; sourceTree = "<group>"; };
		3D8019A0FBB501978CC0045667EAD707 /* RootView.swift */ = {isa = PBXFileReference; includeInIndex = 1; lastKnownFileType = sourcecode.swift; path = RootView.swift; sourceTree = "<group>"; };
		3E64BE70AE016CF9348315AC52C4D450 /* Venue.swift */ = {isa = PBXFileReference; includeInIndex = 1; lastKnownFileType = sourcecode.swift; path = Venue.swift; sourceTree = "<group>"; };
		415783D1AE8537BCCC3C47D775A86527 /* GlassSurface.swift */ = {isa = PBXFileReference; includeInIndex = 1; lastKnownFileType = sourcecode.swift; path = GlassSurface.swift; sourceTree = "<group>"; };
		42C594425036C0C0CA50695F7114F2FE /* Localizable.xcstrings */ = {isa = PBXFileReference; includeInIndex = 1; lastKnownFileType = text.json.xcstrings; path = Localizable.xcstrings; sourceTree = "<group>"; };
		47982055C5CA4FE80243F1E1293F6888 /* SarenaApp.swift */ = {isa = PBXFileReference; includeInIndex = 1; lastKnownFileType = sourcecode.swift; path = SarenaApp.swift; sourceTree = "<group>"; };
		4F74AD97341DDE253EAD905C3C3694CD /* LanguageCoordinator.swift */ = {isa = PBXFileReference; includeInIndex = 1; lastKnownFileType = sourcecode.swift; path = LanguageCoordinator.swift; sourceTree = "<group>"; };
		502A7449F12A51525FBE6B87F99BEB41 /* README.md */ = {isa = PBXFileReference; includeInIndex = 1; path = README.md; sourceTree = "<group>"; };
		5814D71797E3F12421882B9B047F1D20 /* CatalogStore.swift */ = {isa = PBXFileReference; includeInIndex = 1; lastKnownFileType = sourcecode.swift; path = CatalogStore.swift; sourceTree = "<group>"; };
		643E5D872B332B589A7D723F788954CD /* User.swift */ = {isa = PBXFileReference; includeInIndex = 1; lastKnownFileType = sourcecode.swift; path = User.swift; sourceTree = "<group>"; };
		648B9273F2312C57A289C5C73788F65C /* Info.plist */ = {isa = PBXFileReference; includeInIndex = 1; lastKnownFileType = text.plist.xml; path = Info.plist; sourceTree = "<group>"; };
		65822A3F66A14A5278928145A15BE16C /* FloatingGlass.swift */ = {isa = PBXFileReference; includeInIndex = 1; lastKnownFileType = sourcecode.swift; path = FloatingGlass.swift; sourceTree = "<group>"; };
		6CDC32F1B7BD9D95C391188EDEE74B45 /* PromoCodeViews.swift */ = {isa = PBXFileReference; includeInIndex = 1; lastKnownFileType = sourcecode.swift; path = PromoCodeViews.swift; sourceTree = "<group>"; };
		7236777D6FC6DBE8B7810C0ED62E8CDE /* HomeView.swift */ = {isa = PBXFileReference; includeInIndex = 1; lastKnownFileType = sourcecode.swift; path = HomeView.swift; sourceTree = "<group>"; };
		729441C7074D6D2B386FFBFBF381AF8D /* SettingsViewModel.swift */ = {isa = PBXFileReference; includeInIndex = 1; lastKnownFileType = sourcecode.swift; path = SettingsViewModel.swift; sourceTree = "<group>"; };
		73E8550BF80871ED85DC44ACCFBFD9BB /* OfferCategory.swift */ = {isa = PBXFileReference; includeInIndex = 1; lastKnownFileType = sourcecode.swift; path = OfferCategory.swift; sourceTree = "<group>"; };
		76CD8EC91E6FE07F07634FFF3CA80E8F /* HomeViewModel.swift */ = {isa = PBXFileReference; includeInIndex = 1; lastKnownFileType = sourcecode.swift; path = HomeViewModel.swift; sourceTree = "<group>"; };
		7926FD9673BE59AC9899C5692A949C4C /* PreviewSupport.swift */ = {isa = PBXFileReference; includeInIndex = 1; lastKnownFileType = sourcecode.swift; path = PreviewSupport.swift; sourceTree = "<group>"; };
		7D5677963C7E0591B796D37227938C3C /* PromoCode.swift */ = {isa = PBXFileReference; includeInIndex = 1; lastKnownFileType = sourcecode.swift; path = PromoCode.swift; sourceTree = "<group>"; };
		7E824CF33407ED9E0E9A62B205C001C3 /* WalletViewModel.swift */ = {isa = PBXFileReference; includeInIndex = 1; lastKnownFileType = sourcecode.swift; path = WalletViewModel.swift; sourceTree = "<group>"; };
		86A2B1611256F25EDECDE1A82E475A8E /* QRCodeGenerator.swift */ = {isa = PBXFileReference; includeInIndex = 1; lastKnownFileType = sourcecode.swift; path = QRCodeGenerator.swift; sourceTree = "<group>"; };
		86E8AFC5158D3348366210FCD1D96552 /* LanguageTransitionView.swift */ = {isa = PBXFileReference; includeInIndex = 1; lastKnownFileType = sourcecode.swift; path = LanguageTransitionView.swift; sourceTree = "<group>"; };
		8A0F22CBA06C3C869976615938D14182 /* CatalogService.swift */ = {isa = PBXFileReference; includeInIndex = 1; lastKnownFileType = sourcecode.swift; path = CatalogService.swift; sourceTree = "<group>"; };
		8A8CC242AF4BFAF33BA2DFB4C50D7765 /* Formatting.swift */ = {isa = PBXFileReference; includeInIndex = 1; lastKnownFileType = sourcecode.swift; path = Formatting.swift; sourceTree = "<group>"; };
		904BFDBF1A666843D5E026F04E15FFC4 /* SarenaTests.xctest */ = {isa = PBXFileReference; explicitFileType = wrapper.cfbundle; includeInIndex = 0; path = SarenaTests.xctest; sourceTree = BUILT_PRODUCTS_DIR; };
		90C96C9BA1F8BA575A987B0C55AFE6EA /* VenueDetailView.swift */ = {isa = PBXFileReference; includeInIndex = 1; lastKnownFileType = sourcecode.swift; path = VenueDetailView.swift; sourceTree = "<group>"; };
		92FBD06982B2E4AA9536DC0426906831 /* MainTabView.swift */ = {isa = PBXFileReference; includeInIndex = 1; lastKnownFileType = sourcecode.swift; path = MainTabView.swift; sourceTree = "<group>"; };
		948CE6EF0D9FA252756573B3C0E603CF /* SarenaTests.swift */ = {isa = PBXFileReference; includeInIndex = 1; lastKnownFileType = sourcecode.swift; path = SarenaTests.swift; sourceTree = "<group>"; };
		970A4F626F715718BFC30A788C6BBB62 /* BookingConfirmationView.swift */ = {isa = PBXFileReference; includeInIndex = 1; lastKnownFileType = sourcecode.swift; path = BookingConfirmationView.swift; sourceTree = "<group>"; };
		981C788E57ADFDC098CE946E6CE96D6E /* AppServices.swift */ = {isa = PBXFileReference; includeInIndex = 1; lastKnownFileType = sourcecode.swift; path = AppServices.swift; sourceTree = "<group>"; };
		9E0E915139CAF420FDE5E516EFE16BFE /* SettingsView.swift */ = {isa = PBXFileReference; includeInIndex = 1; lastKnownFileType = sourcecode.swift; path = SettingsView.swift; sourceTree = "<group>"; };
		A713BF5E531A5B355646E24FCD4B3F83 /* AppRouter.swift */ = {isa = PBXFileReference; includeInIndex = 1; lastKnownFileType = sourcecode.swift; path = AppRouter.swift; sourceTree = "<group>"; };
		B1326252FF29720FCE660D5B2E819C18 /* WalletStore.swift */ = {isa = PBXFileReference; includeInIndex = 1; lastKnownFileType = sourcecode.swift; path = WalletStore.swift; sourceTree = "<group>"; };
		B431607BEF3A5E1B51BBA50804B9F6E3 /* AccountView.swift */ = {isa = PBXFileReference; includeInIndex = 1; lastKnownFileType = sourcecode.swift; path = AccountView.swift; sourceTree = "<group>"; };
		BAB565361E57D42AC9C86A14A84FEC2F /* GlassBackground.swift */ = {isa = PBXFileReference; includeInIndex = 1; lastKnownFileType = sourcecode.swift; path = GlassBackground.swift; sourceTree = "<group>"; };
		BD1BC78AC8112B8F100C5160DCA0B7AB /* Assets.xcassets */ = {isa = PBXFileReference; includeInIndex = 1; lastKnownFileType = folder.assetcatalog; path = Assets.xcassets; sourceTree = "<group>"; };
		C0C5B032F9C209AAB5F86B13D5F19F8E /* Theme.swift */ = {isa = PBXFileReference; includeInIndex = 1; lastKnownFileType = sourcecode.swift; path = Theme.swift; sourceTree = "<group>"; };
		C5FC0D5FD02BAE5F28AD4BBC5D176471 /* BookingService.swift */ = {isa = PBXFileReference; includeInIndex = 1; lastKnownFileType = sourcecode.swift; path = BookingService.swift; sourceTree = "<group>"; };
		C6E2E0C8CD0D0C54FF689823CCAE6F1D /* WalletView.swift */ = {isa = PBXFileReference; includeInIndex = 1; lastKnownFileType = sourcecode.swift; path = WalletView.swift; sourceTree = "<group>"; };
		CC3D6CF6A58DE47F251518E1425AB872 /* AuthService.swift */ = {isa = PBXFileReference; includeInIndex = 1; lastKnownFileType = sourcecode.swift; path = AuthService.swift; sourceTree = "<group>"; };
		D109B62F52C7016A513E097E0333F605 /* LoginViewModel.swift */ = {isa = PBXFileReference; includeInIndex = 1; lastKnownFileType = sourcecode.swift; path = LoginViewModel.swift; sourceTree = "<group>"; };
		D1CD5CFB91C13F802F384AB933C3B34D /* GlassControls.swift */ = {isa = PBXFileReference; includeInIndex = 1; lastKnownFileType = sourcecode.swift; path = GlassControls.swift; sourceTree = "<group>"; };
		D4D39D4603C30B036A88E8A54C42C13A /* MembershipPlan.swift */ = {isa = PBXFileReference; includeInIndex = 1; lastKnownFileType = sourcecode.swift; path = MembershipPlan.swift; sourceTree = "<group>"; };
		D86635FB87DDA7B50CC07B132B80AE56 /* OTPCodeField.swift */ = {isa = PBXFileReference; includeInIndex = 1; lastKnownFileType = sourcecode.swift; path = OTPCodeField.swift; sourceTree = "<group>"; };
		DB4813F18D477FE5F2B5F3E9ADA3AC5E /* OnboardingFlowView.swift */ = {isa = PBXFileReference; includeInIndex = 1; lastKnownFileType = sourcecode.swift; path = OnboardingFlowView.swift; sourceTree = "<group>"; };
		E1D4E674CF5CFE5CF0B28E8ADC129357 /* Feedback.swift */ = {isa = PBXFileReference; includeInIndex = 1; lastKnownFileType = sourcecode.swift; path = Feedback.swift; sourceTree = "<group>"; };
		E2768483F6EC3C7B163FAA6FE45AD49E /* AccountViewModel.swift */ = {isa = PBXFileReference; includeInIndex = 1; lastKnownFileType = sourcecode.swift; path = AccountViewModel.swift; sourceTree = "<group>"; };
		E2ADB5B91FDC79FE58AAA7CBA0E7E20F /* RegisterViewModel.swift */ = {isa = PBXFileReference; includeInIndex = 1; lastKnownFileType = sourcecode.swift; path = RegisterViewModel.swift; sourceTree = "<group>"; };
		E4F316E5740AAE984E521CCD6C720691 /* Components.swift */ = {isa = PBXFileReference; includeInIndex = 1; lastKnownFileType = sourcecode.swift; path = Components.swift; sourceTree = "<group>"; };
		E73986E7C61DE3CC48A504F8B40DB9D2 /* BrandViews.swift */ = {isa = PBXFileReference; includeInIndex = 1; lastKnownFileType = sourcecode.swift; path = BrandViews.swift; sourceTree = "<group>"; };
		E821DA25E74257F12B6EFCEA9D9205E7 /* Validation.swift */ = {isa = PBXFileReference; includeInIndex = 1; lastKnownFileType = sourcecode.swift; path = Validation.swift; sourceTree = "<group>"; };
		F02371F6A3B1AF426AC50422E3502B35 /* HomeCards.swift */ = {isa = PBXFileReference; includeInIndex = 1; lastKnownFileType = sourcecode.swift; path = HomeCards.swift; sourceTree = "<group>"; };
/* End PBXFileReference section */

/* Begin PBXFrameworksBuildPhase section */
		8C138EB13FC15C0FAB7452D5F23574C4 /* Frameworks */ = {
			isa = PBXFrameworksBuildPhase;
			buildActionMask = 2147483647;
			files = (
			);
			runOnlyForDeploymentPostprocessing = 0;
		};
		E064547B8003B949647987D2A425738D /* Frameworks */ = {
			isa = PBXFrameworksBuildPhase;
			buildActionMask = 2147483647;
			files = (
			);
			runOnlyForDeploymentPostprocessing = 0;
		};
/* End PBXFrameworksBuildPhase section */

/* Begin PBXGroup section */
		0CF3074B5B83225A645B1505770FDE68 /* Utilities */ = {
			isa = PBXGroup;
			children = (
				8A8CC242AF4BFAF33BA2DFB4C50D7765 /* Formatting.swift */,
				86A2B1611256F25EDECDE1A82E475A8E /* QRCodeGenerator.swift */,
				E821DA25E74257F12B6EFCEA9D9205E7 /* Validation.swift */,
			);
			name = Utilities;
			path = Utilities;
			sourceTree = "<group>";
		};
		1AFC6B0363750AA34F85183EEC895012 /* Models */ = {
			isa = PBXGroup;
			children = (
				3B1318B81631B1C4CCF298C6810C7D64 /* AppPreferences.swift */,
				0CAF305C886FEEC59309767E8690F7D3 /* LocalizedText.swift */,
				D4D39D4603C30B036A88E8A54C42C13A /* MembershipPlan.swift */,
				73E8550BF80871ED85DC44ACCFBFD9BB /* OfferCategory.swift */,
				7D5677963C7E0591B796D37227938C3C /* PromoCode.swift */,
				0A3AE20C7C85431E0C7286FB61793957 /* SampleData.swift */,
				643E5D872B332B589A7D723F788954CD /* User.swift */,
				3E64BE70AE016CF9348315AC52C4D450 /* Venue.swift */,
			);
			name = Models;
			path = Models;
			sourceTree = "<group>";
		};
		2BF43156E7C5137F30FE08F5F9673C37 /* DesignSystem */ = {
			isa = PBXGroup;
			children = (
				E73986E7C61DE3CC48A504F8B40DB9D2 /* BrandViews.swift */,
				65822A3F66A14A5278928145A15BE16C /* FloatingGlass.swift */,
				BAB565361E57D42AC9C86A14A84FEC2F /* GlassBackground.swift */,
				D1CD5CFB91C13F802F384AB933C3B34D /* GlassControls.swift */,
				415783D1AE8537BCCC3C47D775A86527 /* GlassSurface.swift */,
				C0C5B032F9C209AAB5F86B13D5F19F8E /* Theme.swift */,
			);
			name = DesignSystem;
			path = DesignSystem;
			sourceTree = "<group>";
		};
		2D574642EEC6325C95932F1FB753CE04 /* Settings */ = {
			isa = PBXGroup;
			children = (
				9E0E915139CAF420FDE5E516EFE16BFE /* SettingsView.swift */,
			);
			name = Settings;
			path = Settings;
			sourceTree = "<group>";
		};
		3837CF68AB112B9C3F2F7144A6C7DC73 /* Shared */ = {
			isa = PBXGroup;
			children = (
				E4F316E5740AAE984E521CCD6C720691 /* Components.swift */,
				E1D4E674CF5CFE5CF0B28E8ADC129357 /* Feedback.swift */,
				86E8AFC5158D3348366210FCD1D96552 /* LanguageTransitionView.swift */,
				7926FD9673BE59AC9899C5692A949C4C /* PreviewSupport.swift */,
			);
			name = Shared;
			path = Shared;
			sourceTree = "<group>";
		};
		3A348FA539C699E69EF57C20D7EE8A6D /* Sarena */ = {
			isa = PBXGroup;
			children = (
				94E3ACD5DF734BF883F901B255335A59 /* App */,
				2BF43156E7C5137F30FE08F5F9673C37 /* DesignSystem */,
				1AFC6B0363750AA34F85183EEC895012 /* Models */,
				4B65DBE06EDB3B5F6DB867A1727EC968 /* Resources */,
				E79529720DB379E62351D14FC07350BD /* Services */,
				B1A05125A2253961C5FEE93EEB6A578A /* Stores */,
				0CF3074B5B83225A645B1505770FDE68 /* Utilities */,
				5FD48868706E6D09C3FD409C5FA61B15 /* ViewModels */,
				48C9972E566395A207852358FF8EF064 /* Views */,
			);
			name = Sarena;
			path = Sarena;
			sourceTree = "<group>";
		};
		48C9972E566395A207852358FF8EF064 /* Views */ = {
			isa = PBXGroup;
			children = (
				6E5A3D3FB98ED4360C7AD4366A22A260 /* Account */,
				57B7AB6F23BA4361945D814377ADAAC7 /* Auth */,
				50ACAA898C0A81060B8CD885813DCED0 /* Detail */,
				D125D7CF0B7B091CF63E3F98803FE007 /* Home */,
				EC424ADB431D0BC8C63B1DD8CE2E527E /* Onboarding */,
				2D574642EEC6325C95932F1FB753CE04 /* Settings */,
				3837CF68AB112B9C3F2F7144A6C7DC73 /* Shared */,
				66FD147F94B2CE2411769F26FAB5C8AE /* Wallet */,
			);
			name = Views;
			path = Views;
			sourceTree = "<group>";
		};
		4B65DBE06EDB3B5F6DB867A1727EC968 /* Resources */ = {
			isa = PBXGroup;
			children = (
				BD1BC78AC8112B8F100C5160DCA0B7AB /* Assets.xcassets */,
				648B9273F2312C57A289C5C73788F65C /* Info.plist */,
				32C7ADE9351B87C114E150BC4AAE6BAD /* InfoPlist.xcstrings */,
				42C594425036C0C0CA50695F7114F2FE /* Localizable.xcstrings */,
			);
			name = Resources;
			path = Resources;
			sourceTree = "<group>";
		};
		50ACAA898C0A81060B8CD885813DCED0 /* Detail */ = {
			isa = PBXGroup;
			children = (
				970A4F626F715718BFC30A788C6BBB62 /* BookingConfirmationView.swift */,
				90C96C9BA1F8BA575A987B0C55AFE6EA /* VenueDetailView.swift */,
			);
			name = Detail;
			path = Detail;
			sourceTree = "<group>";
		};
		57B7AB6F23BA4361945D814377ADAAC7 /* Auth */ = {
			isa = PBXGroup;
			children = (
				21B3AB5B18C10880D84A0623734CB618 /* LoginView.swift */,
				D86635FB87DDA7B50CC07B132B80AE56 /* OTPCodeField.swift */,
				27290F58A328D26E8C3E32A37F366C7F /* RegisterView.swift */,
			);
			name = Auth;
			path = Auth;
			sourceTree = "<group>";
		};
		5FD48868706E6D09C3FD409C5FA61B15 /* ViewModels */ = {
			isa = PBXGroup;
			children = (
				E2768483F6EC3C7B163FAA6FE45AD49E /* AccountViewModel.swift */,
				76CD8EC91E6FE07F07634FFF3CA80E8F /* HomeViewModel.swift */,
				D109B62F52C7016A513E097E0333F605 /* LoginViewModel.swift */,
				E2ADB5B91FDC79FE58AAA7CBA0E7E20F /* RegisterViewModel.swift */,
				729441C7074D6D2B386FFBFBF381AF8D /* SettingsViewModel.swift */,
				0BFD50E4AF698717C38E209F9119A9D9 /* VenueDetailViewModel.swift */,
				7E824CF33407ED9E0E9A62B205C001C3 /* WalletViewModel.swift */,
			);
			name = ViewModels;
			path = ViewModels;
			sourceTree = "<group>";
		};
		66FD147F94B2CE2411769F26FAB5C8AE /* Wallet */ = {
			isa = PBXGroup;
			children = (
				6CDC32F1B7BD9D95C391188EDEE74B45 /* PromoCodeViews.swift */,
				C6E2E0C8CD0D0C54FF689823CCAE6F1D /* WalletView.swift */,
			);
			name = Wallet;
			path = Wallet;
			sourceTree = "<group>";
		};
		6E5A3D3FB98ED4360C7AD4366A22A260 /* Account */ = {
			isa = PBXGroup;
			children = (
				157A65ADB9BA50A469ACDCEA51759D22 /* AccountComponents.swift */,
				B431607BEF3A5E1B51BBA50804B9F6E3 /* AccountView.swift */,
			);
			name = Account;
			path = Account;
			sourceTree = "<group>";
		};
		7C6F580EEE83F4D02EDBF1DF4372F630 /* Products */ = {
			isa = PBXGroup;
			children = (
				2C73CA577C0766EEBB42C7BA2651A7F9 /* Sarena.app */,
				904BFDBF1A666843D5E026F04E15FFC4 /* SarenaTests.xctest */,
			);
			name = Products;
			sourceTree = "<group>";
		};
		85220EBE105A587594F1B59EB74AD48D = {
			isa = PBXGroup;
			children = (
				7C6F580EEE83F4D02EDBF1DF4372F630 /* Products */,
				DC11061B56814386485921594CD1008A /* Frameworks */,
				3A348FA539C699E69EF57C20D7EE8A6D /* Sarena */,
				95E3CCF8EB86CFD0DB3051E26C3FFD14 /* SarenaTests */,
				502A7449F12A51525FBE6B87F99BEB41 /* README.md */,
			);
			sourceTree = "<group>";
		};
		94E3ACD5DF734BF883F901B255335A59 /* App */ = {
			isa = PBXGroup;
			children = (
				92FBD06982B2E4AA9536DC0426906831 /* MainTabView.swift */,
				3D8019A0FBB501978CC0045667EAD707 /* RootView.swift */,
				47982055C5CA4FE80243F1E1293F6888 /* SarenaApp.swift */,
			);
			name = App;
			path = App;
			sourceTree = "<group>";
		};
		95E3CCF8EB86CFD0DB3051E26C3FFD14 /* SarenaTests */ = {
			isa = PBXGroup;
			children = (
				948CE6EF0D9FA252756573B3C0E603CF /* SarenaTests.swift */,
			);
			name = SarenaTests;
			path = SarenaTests;
			sourceTree = "<group>";
		};
		B1A05125A2253961C5FEE93EEB6A578A /* Stores */ = {
			isa = PBXGroup;
			children = (
				A713BF5E531A5B355646E24FCD4B3F83 /* AppRouter.swift */,
				5814D71797E3F12421882B9B047F1D20 /* CatalogStore.swift */,
				4F74AD97341DDE253EAD905C3C3694CD /* LanguageCoordinator.swift */,
				3BBEE31F71D426EE3FB57471BDEAE75D /* SessionStore.swift */,
				0935163B67F0ECE7A756E9AAB7DD0697 /* SubscriptionStore.swift */,
				B1326252FF29720FCE660D5B2E819C18 /* WalletStore.swift */,
			);
			name = Stores;
			path = Stores;
			sourceTree = "<group>";
		};
		D125D7CF0B7B091CF63E3F98803FE007 /* Home */ = {
			isa = PBXGroup;
			children = (
				F02371F6A3B1AF426AC50422E3502B35 /* HomeCards.swift */,
				7236777D6FC6DBE8B7810C0ED62E8CDE /* HomeView.swift */,
			);
			name = Home;
			path = Home;
			sourceTree = "<group>";
		};
		DC11061B56814386485921594CD1008A /* Frameworks */ = {
			isa = PBXGroup;
			children = (
			);
			name = Frameworks;
			sourceTree = "<group>";
		};
		E79529720DB379E62351D14FC07350BD /* Services */ = {
			isa = PBXGroup;
			children = (
				981C788E57ADFDC098CE946E6CE96D6E /* AppServices.swift */,
				CC3D6CF6A58DE47F251518E1425AB872 /* AuthService.swift */,
				C5FC0D5FD02BAE5F28AD4BBC5D176471 /* BookingService.swift */,
				8A0F22CBA06C3C869976615938D14182 /* CatalogService.swift */,
				30566509D6D4E523605F62FA037981CF /* KeychainStore.swift */,
				1AD4B0D03D17908FA3333EDFA5DE0110 /* SubscriptionService.swift */,
			);
			name = Services;
			path = Services;
			sourceTree = "<group>";
		};
		EC424ADB431D0BC8C63B1DD8CE2E527E /* Onboarding */ = {
			isa = PBXGroup;
			children = (
				DB4813F18D477FE5F2B5F3E9ADA3AC5E /* OnboardingFlowView.swift */,
			);
			name = Onboarding;
			path = Onboarding;
			sourceTree = "<group>";
		};
/* End PBXGroup section */

/* Begin PBXNativeTarget section */
		000C4938D25CE747BD45E3D6D8F3BB09 /* SarenaTests */ = {
			isa = PBXNativeTarget;
			buildConfigurationList = E83E650269F9CDF6E55C87C2FE749C9B /* Build configuration list for PBXNativeTarget "SarenaTests" */;
			buildPhases = (
				D16B17B4462996213024CE4B5FD0B454 /* Sources */,
				8C138EB13FC15C0FAB7452D5F23574C4 /* Frameworks */,
				118A3A3C95BB199B6E75EF12DF0CCAFD /* Resources */,
			);
			buildRules = (
			);
			dependencies = (
				DB6C9DB08A48E452BFC23CFE2FF43993 /* PBXTargetDependency */,
			);
			name = SarenaTests;
			productName = SarenaTests;
			productReference = 904BFDBF1A666843D5E026F04E15FFC4 /* SarenaTests.xctest */;
			productType = "com.apple.product-type.bundle.unit-test";
		};
		A85E819FD0227F7E96B3970E5C4C4F0B /* Sarena */ = {
			isa = PBXNativeTarget;
			buildConfigurationList = 874309995EE63B52C94679252106E201 /* Build configuration list for PBXNativeTarget "Sarena" */;
			buildPhases = (
				00EFCD7F93C554A55B159797A85B7AD6 /* Sources */,
				E064547B8003B949647987D2A425738D /* Frameworks */,
				22D24505C5BB3C298A68225D10F22311 /* Resources */,
			);
			buildRules = (
			);
			dependencies = (
			);
			name = Sarena;
			productName = Sarena;
			productReference = 2C73CA577C0766EEBB42C7BA2651A7F9 /* Sarena.app */;
			productType = "com.apple.product-type.application";
		};
/* End PBXNativeTarget section */

/* Begin PBXProject section */
		74D80196372B2CE0E8213E4B47712620 /* Project object */ = {
			isa = PBXProject;
			attributes = {
				LastSwiftUpdateCheck = 1600;
				LastUpgradeCheck = 1600;
				ORGANIZATIONNAME = Sarena;
			};
			buildConfigurationList = B00F9BE4BDD999294F5173648DB94454 /* Build configuration list for PBXProject "Sarena" */;
			compatibilityVersion = "Xcode 3.2";
			developmentRegion = en;
			hasScannedForEncodings = 0;
			knownRegions = (
				en,
				ar,
				Base,
			);
			mainGroup = 85220EBE105A587594F1B59EB74AD48D;
			minimizedProjectReferenceProxies = 0;
			preferredProjectObjectVersion = 100;
			productRefGroup = 7C6F580EEE83F4D02EDBF1DF4372F630 /* Products */;
			projectDirPath = "";
			projectRoot = "";
			targets = (
				A85E819FD0227F7E96B3970E5C4C4F0B /* Sarena */,
				000C4938D25CE747BD45E3D6D8F3BB09 /* SarenaTests */,
			);
		};
/* End PBXProject section */

/* Begin PBXResourcesBuildPhase section */
		118A3A3C95BB199B6E75EF12DF0CCAFD /* Resources */ = {
			isa = PBXResourcesBuildPhase;
			buildActionMask = 2147483647;
			files = (
			);
			runOnlyForDeploymentPostprocessing = 0;
		};
		22D24505C5BB3C298A68225D10F22311 /* Resources */ = {
			isa = PBXResourcesBuildPhase;
			buildActionMask = 2147483647;
			files = (
				3894558264C78ADC2FB27CF8CFA87D9F /* Assets.xcassets in Resources */,
				7E6244E50BF8388DB18DA496CC76D842 /* InfoPlist.xcstrings in Resources */,
				7A5EED01258F424694E47CE583152E7C /* Localizable.xcstrings in Resources */,
			);
			runOnlyForDeploymentPostprocessing = 0;
		};
/* End PBXResourcesBuildPhase section */

/* Begin PBXSourcesBuildPhase section */
		00EFCD7F93C554A55B159797A85B7AD6 /* Sources */ = {
			isa = PBXSourcesBuildPhase;
			buildActionMask = 2147483647;
			files = (
				8F3CC20D3BB4C752D34DA7070A812899 /* MainTabView.swift in Sources */,
				F10DE00A2914A34377669EF9DD89081B /* RootView.swift in Sources */,
				11DB24EC39FAC2606E111264D26D0479 /* SarenaApp.swift in Sources */,
				E2DC06FEE16D8EB939EC2EED68693665 /* BrandViews.swift in Sources */,
				425C8152154F3065A183983EB8545028 /* FloatingGlass.swift in Sources */,
				A8DFC46953D34780065EB5D11A169D4E /* GlassBackground.swift in Sources */,
				52326C22FB102DD13DF1821330A649BD /* GlassControls.swift in Sources */,
				7FB623CF2AFC562EE3656C147D460CD5 /* GlassSurface.swift in Sources */,
				56F81D04F46EB426A21A36ABAA0D3E21 /* Theme.swift in Sources */,
				183AC8802B0E17C046B0796CD3A40EC8 /* AppPreferences.swift in Sources */,
				FE2E5D6281D6048518BF86F37B88F181 /* LocalizedText.swift in Sources */,
				6CE5402FEBBD20BC28F55C56ABFD9967 /* MembershipPlan.swift in Sources */,
				B4CF3BF69A17F76CED9F986AE2F776D8 /* OfferCategory.swift in Sources */,
				6F4CAA54E6E0AC02335332A3A5F97ACC /* PromoCode.swift in Sources */,
				0EB8C440B759FB0E107376C230E7B215 /* SampleData.swift in Sources */,
				3B87F473F7237657687E33E52BB53718 /* User.swift in Sources */,
				8109D99EA380B6C39322CF51ADE6DB6C /* Venue.swift in Sources */,
				A429BC0ADA90C3953249EB37AE9574C8 /* AppServices.swift in Sources */,
				5DE1D2EE637151BB650C675DDB54E99B /* AuthService.swift in Sources */,
				7B2024EDF8A2B356503836A2AC988816 /* BookingService.swift in Sources */,
				3AD4C1B8CA00DF20230175B2091211C4 /* CatalogService.swift in Sources */,
				FF0752BC2D2145766A017B9AD12E18EF /* KeychainStore.swift in Sources */,
				2093C1EAA391F2EA6A5E677415CC89F8 /* SubscriptionService.swift in Sources */,
				824C8FF9841CB4468E803DFAE7E510AC /* AppRouter.swift in Sources */,
				22A275F6155ABB7EE172EC994A0D43ED /* CatalogStore.swift in Sources */,
				3F9E22F93EDB01B79461F3A55BB65285 /* LanguageCoordinator.swift in Sources */,
				9A6773BBE8832707DF8CF18A9C32AA8F /* SessionStore.swift in Sources */,
				B63671B80ED63D52E7E6B48ACD9F5ECA /* SubscriptionStore.swift in Sources */,
				8FC276EF8D4C2AB248BDC306CC1DA4D6 /* WalletStore.swift in Sources */,
				3CC34389AD8C1A3154CE55FC33D7324B /* Formatting.swift in Sources */,
				E1592F269EB06E4DF5D537551BDD9512 /* QRCodeGenerator.swift in Sources */,
				F0624051093A896E16F55B1FC19224B8 /* Validation.swift in Sources */,
				36D0C807B008D05752393887A19A92C7 /* AccountViewModel.swift in Sources */,
				C4EE29DBA32EC9B4C0A512070C6A67CB /* HomeViewModel.swift in Sources */,
				8D926DF60879AD245FE491D238F8D609 /* LoginViewModel.swift in Sources */,
				479B607C2596EB6ACE56BD27CDC04820 /* RegisterViewModel.swift in Sources */,
				06F231B8BB3EA030A872A21B6E5013E6 /* SettingsViewModel.swift in Sources */,
				03963927FCD253B82C67EB7A060BA1AD /* VenueDetailViewModel.swift in Sources */,
				61D0273626BDE5B4D96368C100C087B2 /* WalletViewModel.swift in Sources */,
				7C1FFBC905B598E749F12989805777BB /* AccountComponents.swift in Sources */,
				8572803A8B6051DB3294D12E3556405B /* AccountView.swift in Sources */,
				3C2EACF7D7420569AB0D057FB4E181CA /* LoginView.swift in Sources */,
				39150A3FEE76AB777C2B3F74FD68F1DE /* OTPCodeField.swift in Sources */,
				4A2F2CC2F5C228B256F17A69D8A985B7 /* RegisterView.swift in Sources */,
				287727D0D8B53891229A86A3C4FD902F /* BookingConfirmationView.swift in Sources */,
				E0F49193C8C4CF4999292FF7474AEA6D /* VenueDetailView.swift in Sources */,
				ECBAF73597DBC81F4A12C416AB368011 /* HomeCards.swift in Sources */,
				71B9CA1C29E91A909DE1D7CE9E611117 /* HomeView.swift in Sources */,
				73E6EDFD445963797176115591E489A7 /* OnboardingFlowView.swift in Sources */,
				190AA92F86D8DC6AC0E5F1661371C0BA /* SettingsView.swift in Sources */,
				6EDF1840FAE26B5485F12395B19F31A2 /* Components.swift in Sources */,
				1F50B686582EAE4D1ED513A31DC319AC /* Feedback.swift in Sources */,
				06BA22C839EEE2385D1B353EEECF452E /* LanguageTransitionView.swift in Sources */,
				4E3D87CEAE517A1BC147BF13CAE84EC0 /* PreviewSupport.swift in Sources */,
				56ACE6B7C39DB42C539C9F7427A261B0 /* PromoCodeViews.swift in Sources */,
				9AE3634697AA458941627DBDC7E21AAC /* WalletView.swift in Sources */,
			);
			runOnlyForDeploymentPostprocessing = 0;
		};
		D16B17B4462996213024CE4B5FD0B454 /* Sources */ = {
			isa = PBXSourcesBuildPhase;
			buildActionMask = 2147483647;
			files = (
				B4E2BFF3B9F88997041927D20152DE36 /* SarenaTests.swift in Sources */,
			);
			runOnlyForDeploymentPostprocessing = 0;
		};
/* End PBXSourcesBuildPhase section */

/* Begin PBXTargetDependency section */
		DB6C9DB08A48E452BFC23CFE2FF43993 /* PBXTargetDependency */ = {
			isa = PBXTargetDependency;
			name = Sarena;
			target = A85E819FD0227F7E96B3970E5C4C4F0B /* Sarena */;
			targetProxy = 2D1AF3E8D9174940BA77A038E23A4FF9 /* PBXContainerItemProxy */;
		};
/* End PBXTargetDependency section */

/* Begin XCBuildConfiguration section */
		0047459F282B446B0D196454834CDD17 /* Debug */ = {
			isa = XCBuildConfiguration;
			buildSettings = {
				BUNDLE_LOADER = "$(TEST_HOST)";
				CLANG_ENABLE_OBJC_WEAK = NO;
				CODE_SIGN_STYLE = Automatic;
				GENERATE_INFOPLIST_FILE = YES;
				IPHONEOS_DEPLOYMENT_TARGET = 17.0;
				PRODUCT_BUNDLE_IDENTIFIER = om.sarena.app.tests;
				PRODUCT_NAME = "$(TARGET_NAME)";
				SDKROOT = iphoneos;
				SWIFT_VERSION = 5.0;
				TARGETED_DEVICE_FAMILY = "1,2";
				TEST_HOST = "$(BUILT_PRODUCTS_DIR)/Sarena.app/$(BUNDLE_EXECUTABLE_FOLDER_PATH)/Sarena";
			};
			name = Debug;
		};
		3862CF1043095724B1EBE246B899024F /* Release */ = {
			isa = XCBuildConfiguration;
			buildSettings = {
				BUNDLE_LOADER = "$(TEST_HOST)";
				CLANG_ENABLE_OBJC_WEAK = NO;
				CODE_SIGN_STYLE = Automatic;
				GENERATE_INFOPLIST_FILE = YES;
				IPHONEOS_DEPLOYMENT_TARGET = 17.0;
				PRODUCT_BUNDLE_IDENTIFIER = om.sarena.app.tests;
				PRODUCT_NAME = "$(TARGET_NAME)";
				SDKROOT = iphoneos;
				SWIFT_VERSION = 5.0;
				TARGETED_DEVICE_FAMILY = "1,2";
				TEST_HOST = "$(BUILT_PRODUCTS_DIR)/Sarena.app/$(BUNDLE_EXECUTABLE_FOLDER_PATH)/Sarena";
				VALIDATE_PRODUCT = YES;
			};
			name = Release;
		};
		7EC68381980DD0637E92EC64D975EB65 /* Debug */ = {
			isa = XCBuildConfiguration;
			buildSettings = {
				ASSETCATALOG_COMPILER_ALTERNATE_APPICON_NAMES = "AppIcon-Glass AppIcon-Midnight AppIcon-Frost";
				ASSETCATALOG_COMPILER_APPICON_NAME = AppIcon;
				ASSETCATALOG_COMPILER_GLOBAL_ACCENT_COLOR_NAME = AccentColor;
				ASSETCATALOG_COMPILER_INCLUDE_ALL_APPICON_ASSETS = NO;
				CLANG_ENABLE_OBJC_WEAK = NO;
				CODE_SIGN_STYLE = Automatic;
				CURRENT_PROJECT_VERSION = 1;
				DEVELOPMENT_TEAM = "";
				ENABLE_PREVIEWS = YES;
				GENERATE_INFOPLIST_FILE = YES;
				INFOPLIST_FILE = Sarena/Resources/Info.plist;
				INFOPLIST_KEY_CFBundleDisplayName = Sarena;
				INFOPLIST_KEY_LSApplicationCategoryType = "public.app-category.lifestyle";
				INFOPLIST_KEY_UIApplicationSceneManifest_Generation = YES;
				INFOPLIST_KEY_UIApplicationSupportsIndirectInputEvents = YES;
				INFOPLIST_KEY_UISupportedInterfaceOrientations = UIInterfaceOrientationPortrait;
				INFOPLIST_KEY_UISupportedInterfaceOrientations_iPad = "UIInterfaceOrientationPortrait UIInterfaceOrientationPortraitUpsideDown UIInterfaceOrientationLandscapeLeft UIInterfaceOrientationLandscapeRight";
				IPHONEOS_DEPLOYMENT_TARGET = 17.0;
				LD_RUNPATH_SEARCH_PATHS = "$(inherited) @executable_path/Frameworks";
				LOCALIZATION_PREFERS_STRING_CATALOGS = YES;
				MARKETING_VERSION = 1.0.0;
				PRODUCT_BUNDLE_IDENTIFIER = om.sarena.app;
				PRODUCT_NAME = "$(TARGET_NAME)";
				SDKROOT = iphoneos;
				SWIFT_EMIT_LOC_STRINGS = YES;
				SWIFT_VERSION = 5.0;
				TARGETED_DEVICE_FAMILY = "1,2";
			};
			name = Debug;
		};
		91E3FA26DACB905369F3E9752414676F /* Debug */ = {
			isa = XCBuildConfiguration;
			buildSettings = {
				ALWAYS_SEARCH_USER_PATHS = NO;
				CLANG_ANALYZER_NONNULL = YES;
				CLANG_ANALYZER_NUMBER_OBJECT_CONVERSION = YES_AGGRESSIVE;
				CLANG_CXX_LANGUAGE_STANDARD = "gnu++14";
				CLANG_CXX_LIBRARY = "libc++";
				CLANG_ENABLE_MODULES = YES;
				CLANG_ENABLE_OBJC_ARC = YES;
				CLANG_ENABLE_OBJC_WEAK = YES;
				CLANG_WARN_BLOCK_CAPTURE_AUTORELEASING = YES;
				CLANG_WARN_BOOL_CONVERSION = YES;
				CLANG_WARN_COMMA = YES;
				CLANG_WARN_CONSTANT_CONVERSION = YES;
				CLANG_WARN_DEPRECATED_OBJC_IMPLEMENTATIONS = YES;
				CLANG_WARN_DIRECT_OBJC_ISA_USAGE = YES_ERROR;
				CLANG_WARN_DOCUMENTATION_COMMENTS = YES;
				CLANG_WARN_EMPTY_BODY = YES;
				CLANG_WARN_ENUM_CONVERSION = YES;
				CLANG_WARN_INFINITE_RECURSION = YES;
				CLANG_WARN_INT_CONVERSION = YES;
				CLANG_WARN_NON_LITERAL_NULL_CONVERSION = YES;
				CLANG_WARN_OBJC_IMPLICIT_RETAIN_SELF = YES;
				CLANG_WARN_OBJC_LITERAL_CONVERSION = YES;
				CLANG_WARN_OBJC_ROOT_CLASS = YES_ERROR;
				CLANG_WARN_QUOTED_INCLUDE_IN_FRAMEWORK_HEADER = YES;
				CLANG_WARN_RANGE_LOOP_ANALYSIS = YES;
				CLANG_WARN_STRICT_PROTOTYPES = YES;
				CLANG_WARN_SUSPICIOUS_MOVE = YES;
				CLANG_WARN_UNGUARDED_AVAILABILITY = YES_AGGRESSIVE;
				CLANG_WARN_UNREACHABLE_CODE = YES;
				CLANG_WARN__DUPLICATE_METHOD_MATCH = YES;
				COPY_PHASE_STRIP = NO;
				DEBUG_INFORMATION_FORMAT = dwarf;
				ENABLE_STRICT_OBJC_MSGSEND = YES;
				ENABLE_TESTABILITY = YES;
				GCC_C_LANGUAGE_STANDARD = gnu11;
				GCC_DYNAMIC_NO_PIC = NO;
				GCC_NO_COMMON_BLOCKS = YES;
				GCC_OPTIMIZATION_LEVEL = 0;
				GCC_PREPROCESSOR_DEFINITIONS = (
					"DEBUG=1",
					"$(inherited)",
				);
				GCC_WARN_64_TO_32_BIT_CONVERSION = YES;
				GCC_WARN_ABOUT_RETURN_TYPE = YES_ERROR;
				GCC_WARN_UNDECLARED_SELECTOR = YES;
				GCC_WARN_UNINITIALIZED_AUTOS = YES_AGGRESSIVE;
				GCC_WARN_UNUSED_FUNCTION = YES;
				GCC_WARN_UNUSED_VARIABLE = YES;
				MTL_ENABLE_DEBUG_INFO = INCLUDE_SOURCE;
				MTL_FAST_MATH = YES;
				ONLY_ACTIVE_ARCH = YES;
				PRODUCT_NAME = "$(TARGET_NAME)";
				SWIFT_ACTIVE_COMPILATION_CONDITIONS = DEBUG;
				SWIFT_OPTIMIZATION_LEVEL = "-Onone";
				SWIFT_VERSION = 5.0;
			};
			name = Debug;
		};
		960AC0FBBBD43903F44398BE9470F863 /* Release */ = {
			isa = XCBuildConfiguration;
			buildSettings = {
				ALWAYS_SEARCH_USER_PATHS = NO;
				CLANG_ANALYZER_NONNULL = YES;
				CLANG_ANALYZER_NUMBER_OBJECT_CONVERSION = YES_AGGRESSIVE;
				CLANG_CXX_LANGUAGE_STANDARD = "gnu++14";
				CLANG_CXX_LIBRARY = "libc++";
				CLANG_ENABLE_MODULES = YES;
				CLANG_ENABLE_OBJC_ARC = YES;
				CLANG_ENABLE_OBJC_WEAK = YES;
				CLANG_WARN_BLOCK_CAPTURE_AUTORELEASING = YES;
				CLANG_WARN_BOOL_CONVERSION = YES;
				CLANG_WARN_COMMA = YES;
				CLANG_WARN_CONSTANT_CONVERSION = YES;
				CLANG_WARN_DEPRECATED_OBJC_IMPLEMENTATIONS = YES;
				CLANG_WARN_DIRECT_OBJC_ISA_USAGE = YES_ERROR;
				CLANG_WARN_DOCUMENTATION_COMMENTS = YES;
				CLANG_WARN_EMPTY_BODY = YES;
				CLANG_WARN_ENUM_CONVERSION = YES;
				CLANG_WARN_INFINITE_RECURSION = YES;
				CLANG_WARN_INT_CONVERSION = YES;
				CLANG_WARN_NON_LITERAL_NULL_CONVERSION = YES;
				CLANG_WARN_OBJC_IMPLICIT_RETAIN_SELF = YES;
				CLANG_WARN_OBJC_LITERAL_CONVERSION = YES;
				CLANG_WARN_OBJC_ROOT_CLASS = YES_ERROR;
				CLANG_WARN_QUOTED_INCLUDE_IN_FRAMEWORK_HEADER = YES;
				CLANG_WARN_RANGE_LOOP_ANALYSIS = YES;
				CLANG_WARN_STRICT_PROTOTYPES = YES;
				CLANG_WARN_SUSPICIOUS_MOVE = YES;
				CLANG_WARN_UNGUARDED_AVAILABILITY = YES_AGGRESSIVE;
				CLANG_WARN_UNREACHABLE_CODE = YES;
				CLANG_WARN__DUPLICATE_METHOD_MATCH = YES;
				COPY_PHASE_STRIP = NO;
				DEBUG_INFORMATION_FORMAT = "dwarf-with-dsym";
				ENABLE_NS_ASSERTIONS = NO;
				ENABLE_STRICT_OBJC_MSGSEND = YES;
				GCC_C_LANGUAGE_STANDARD = gnu11;
				GCC_NO_COMMON_BLOCKS = YES;
				GCC_WARN_64_TO_32_BIT_CONVERSION = YES;
				GCC_WARN_ABOUT_RETURN_TYPE = YES_ERROR;
				GCC_WARN_UNDECLARED_SELECTOR = YES;
				GCC_WARN_UNINITIALIZED_AUTOS = YES_AGGRESSIVE;
				GCC_WARN_UNUSED_FUNCTION = YES;
				GCC_WARN_UNUSED_VARIABLE = YES;
				MTL_ENABLE_DEBUG_INFO = NO;
				MTL_FAST_MATH = YES;
				PRODUCT_NAME = "$(TARGET_NAME)";
				SWIFT_COMPILATION_MODE = wholemodule;
				SWIFT_OPTIMIZATION_LEVEL = "-O";
				SWIFT_VERSION = 5.0;
			};
			name = Release;
		};
		E8216C63E609F6C3E49CA2EC388A3521 /* Release */ = {
			isa = XCBuildConfiguration;
			buildSettings = {
				ASSETCATALOG_COMPILER_ALTERNATE_APPICON_NAMES = "AppIcon-Glass AppIcon-Midnight AppIcon-Frost";
				ASSETCATALOG_COMPILER_APPICON_NAME = AppIcon;
				ASSETCATALOG_COMPILER_GLOBAL_ACCENT_COLOR_NAME = AccentColor;
				ASSETCATALOG_COMPILER_INCLUDE_ALL_APPICON_ASSETS = NO;
				CLANG_ENABLE_OBJC_WEAK = NO;
				CODE_SIGN_STYLE = Automatic;
				CURRENT_PROJECT_VERSION = 1;
				DEVELOPMENT_TEAM = "";
				ENABLE_PREVIEWS = YES;
				GENERATE_INFOPLIST_FILE = YES;
				INFOPLIST_FILE = Sarena/Resources/Info.plist;
				INFOPLIST_KEY_CFBundleDisplayName = Sarena;
				INFOPLIST_KEY_LSApplicationCategoryType = "public.app-category.lifestyle";
				INFOPLIST_KEY_UIApplicationSceneManifest_Generation = YES;
				INFOPLIST_KEY_UIApplicationSupportsIndirectInputEvents = YES;
				INFOPLIST_KEY_UISupportedInterfaceOrientations = UIInterfaceOrientationPortrait;
				INFOPLIST_KEY_UISupportedInterfaceOrientations_iPad = "UIInterfaceOrientationPortrait UIInterfaceOrientationPortraitUpsideDown UIInterfaceOrientationLandscapeLeft UIInterfaceOrientationLandscapeRight";
				IPHONEOS_DEPLOYMENT_TARGET = 17.0;
				LD_RUNPATH_SEARCH_PATHS = "$(inherited) @executable_path/Frameworks";
				LOCALIZATION_PREFERS_STRING_CATALOGS = YES;
				MARKETING_VERSION = 1.0.0;
				PRODUCT_BUNDLE_IDENTIFIER = om.sarena.app;
				PRODUCT_NAME = "$(TARGET_NAME)";
				SDKROOT = iphoneos;
				SWIFT_EMIT_LOC_STRINGS = YES;
				SWIFT_VERSION = 5.0;
				TARGETED_DEVICE_FAMILY = "1,2";
				VALIDATE_PRODUCT = YES;
			};
			name = Release;
		};
/* End XCBuildConfiguration section */

/* Begin XCConfigurationList section */
		874309995EE63B52C94679252106E201 /* Build configuration list for PBXNativeTarget "Sarena" */ = {
			isa = XCConfigurationList;
			buildConfigurations = (
				E8216C63E609F6C3E49CA2EC388A3521 /* Release */,
				7EC68381980DD0637E92EC64D975EB65 /* Debug */,
			);
			defaultConfigurationIsVisible = 0;
			defaultConfigurationName = Release;
		};
		B00F9BE4BDD999294F5173648DB94454 /* Build configuration list for PBXProject "Sarena" */ = {
			isa = XCConfigurationList;
			buildConfigurations = (
				91E3FA26DACB905369F3E9752414676F /* Debug */,
				960AC0FBBBD43903F44398BE9470F863 /* Release */,
			);
			defaultConfigurationIsVisible = 0;
			defaultConfigurationName = Release;
		};
		E83E650269F9CDF6E55C87C2FE749C9B /* Build configuration list for PBXNativeTarget "SarenaTests" */ = {
			isa = XCConfigurationList;
			buildConfigurations = (
				3862CF1043095724B1EBE246B899024F /* Release */,
				0047459F282B446B0D196454834CDD17 /* Debug */,
			);
			defaultConfigurationIsVisible = 0;
			defaultConfigurationName = Release;
		};
/* End XCConfigurationList section */
	};
	rootObject = 74D80196372B2CE0E8213E4B47712620 /* Project object */;
}
